// !$*UTF8*$!
{
	archiveVersion = 1;
	classes = {
	};
	objectVersion = 46;
	objects = {

/* Begin PBXBuildFile section */
		5A7D7AB41194A5793083A265 /* Pods_TFUILib_iOS_Example.framework in Frameworks */ = {isa = PBXBuildFile; fileRef = CDA17CAD23B28BC8904448D6 /* Pods_TFUILib_iOS_Example.framework */; };
		6003F58E195388D20070C39A /* Foundation.framework in Frameworks */ = {isa = PBXBuildFile; fileRef = 6003F58D195388D20070C39A /* Foundation.framework */; };
		6003F590195388D20070C39A /* CoreGraphics.framework in Frameworks */ = {isa = PBXBuildFile; fileRef = 6003F58F195388D20070C39A /* CoreGraphics.framework */; };
		6003F592195388D20070C39A /* UIKit.framework in Frameworks */ = {isa = PBXBuildFile; fileRef = 6003F591195388D20070C39A /* UIKit.framework */; };
		6003F598195388D20070C39A /* InfoPlist.strings in Resources */ = {isa = PBXBuildFile; fileRef = 6003F596195388D20070C39A /* InfoPlist.strings */; };
		6003F59A195388D20070C39A /* main.m in Sources */ = {isa = PBXBuildFile; fileRef = 6003F599195388D20070C39A /* main.m */; };
		6003F59E195388D20070C39A /* AppDelegate.m in Sources */ = {isa = PBXBuildFile; fileRef = 6003F59D195388D20070C39A /* AppDelegate.m */; };
		6003F5A7195388D20070C39A /* TFAViewController.m in Sources */ = {isa = PBXBuildFile; fileRef = 6003F5A6195388D20070C39A /* TFAViewController.m */; };
		6003F5A9195388D20070C39A /* Images.xcassets in Resources */ = {isa = PBXBuildFile; fileRef = 6003F5A8195388D20070C39A /* Images.xcassets */; };
		6003F5B0195388D20070C39A /* XCTest.framework in Frameworks */ = {isa = PBXBuildFile; fileRef = 6003F5AF195388D20070C39A /* XCTest.framework */; };
		6003F5B1195388D20070C39A /* Foundation.framework in Frameworks */ = {isa = PBXBuildFile; fileRef = 6003F58D195388D20070C39A /* Foundation.framework */; };
		6003F5B2195388D20070C39A /* UIKit.framework in Frameworks */ = {isa = PBXBuildFile; fileRef = 6003F591195388D20070C39A /* UIKit.framework */; };
		6003F5BA195388D20070C39A /* InfoPlist.strings in Resources */ = {isa = PBXBuildFile; fileRef = 6003F5B8195388D20070C39A /* InfoPlist.strings */; };
		6003F5BC195388D20070C39A /* Tests.m in Sources */ = {isa = PBXBuildFile; fileRef = 6003F5BB195388D20070C39A /* Tests.m */; };
		6532EAD12AA7AC960036ECAF /* TFAViewModel.m in Sources */ = {isa = PBXBuildFile; fileRef = 6532EAD02AA7AC960036ECAF /* TFAViewModel.m */; };
		6532EAD32AA7ADB80036ECAF /* TFAViewModel.json in Resources */ = {isa = PBXBuildFile; fileRef = 6532EAD22AA7ADB80036ECAF /* TFAViewModel.json */; };
		71719F9F1E33DC2100824A3D /* LaunchScreen.storyboard in Resources */ = {isa = PBXBuildFile; fileRef = 71719F9D1E33DC2100824A3D /* LaunchScreen.storyboard */; };
		873B8AEB1B1F5CCA007FD442 /* Main.storyboard in Resources */ = {isa = PBXBuildFile; fileRef = 873B8AEA1B1F5CCA007FD442 /* Main.storyboard */; };
		8D73C7502AB9DC2A00FD4EBF /* DDLocalNotificationManager.m in Sources */ = {isa = PBXBuildFile; fileRef = 8D73C74E2AB9DC2A00FD4EBF /* DDLocalNotificationManager.m */; };
		8D73C7532AB9DC6100FD4EBF /* DDMessages.m in Sources */ = {isa = PBXBuildFile; fileRef = 8D73C7522AB9DC6100FD4EBF /* DDMessages.m */; };
		8D73C7562AB9DD9800FD4EBF /* DDAuthManager.m in Sources */ = {isa = PBXBuildFile; fileRef = 8D73C7542AB9DD9700FD4EBF /* DDAuthManager.m */; };
		8DCC7EBA2AB874E2009868D5 /* DDHomeViewModel.json in Resources */ = {isa = PBXBuildFile; fileRef = 8DCC7E4B2AB874E2009868D5 /* DDHomeViewModel.json */; };
		8DCC7EBB2AB874E2009868D5 /* DDHomeViewModel.m in Sources */ = {isa = PBXBuildFile; fileRef = 8DCC7E4C2AB874E2009868D5 /* DDHomeViewModel.m */; };
		8DCC7EBC2AB874E2009868D5 /* DDHomeViewController.m in Sources */ = {isa = PBXBuildFile; fileRef = 8DCC7E4D2AB874E2009868D5 /* DDHomeViewController.m */; };
		8DCC7EBD2AB874E2009868D5 /* DDPreferencesViewModel.json in Resources */ = {isa = PBXBuildFile; fileRef = 8DCC7E502AB874E2009868D5 /* DDPreferencesViewModel.json */; };
		8DCC7EBE2AB874E2009868D5 /* DDPreferencesViewController.m in Sources */ = {isa = PBXBuildFile; fileRef = 8DCC7E512AB874E2009868D5 /* DDPreferencesViewController.m */; };
		8DCC7EBF2AB874E2009868D5 /* DDPreferencesViewModel.m in Sources */ = {isa = PBXBuildFile; fileRef = 8DCC7E522AB874E2009868D5 /* DDPreferencesViewModel.m */; };
		8DCC7EC02AB874E2009868D5 /* DDVehicleViewModel.m in Sources */ = {isa = PBXBuildFile; fileRef = 8DCC7E552AB874E2009868D5 /* DDVehicleViewModel.m */; };
		8DCC7EC12AB874E2009868D5 /* DDVehicleViewController.m in Sources */ = {isa = PBXBuildFile; fileRef = 8DCC7E562AB874E2009868D5 /* DDVehicleViewController.m */; };
		8DCC7EC22AB874E2009868D5 /* DDVehicleViewModel.json in Resources */ = {isa = PBXBuildFile; fileRef = 8DCC7E582AB874E2009868D5 /* DDVehicleViewModel.json */; };
		8DCC7EC32AB874E2009868D5 /* DDEnvrimentViewModel.json in Resources */ = {isa = PBXBuildFile; fileRef = 8DCC7E5B2AB874E2009868D5 /* DDEnvrimentViewModel.json */; };
		8DCC7EC42AB874E2009868D5 /* DDEnvrimentViewController.m in Sources */ = {isa = PBXBuildFile; fileRef = 8DCC7E5C2AB874E2009868D5 /* DDEnvrimentViewController.m */; };
		8DCC7EC52AB874E2009868D5 /* DDEnvrimentViewModel.m in Sources */ = {isa = PBXBuildFile; fileRef = 8DCC7E5F2AB874E2009868D5 /* DDEnvrimentViewModel.m */; };
		8DCC7EC62AB874E2009868D5 /* DDKeyTableViewCell.m in Sources */ = {isa = PBXBuildFile; fileRef = 8DCC7E612AB874E2009868D5 /* DDKeyTableViewCell.m */; };
		8DCC7EC72AB874E2009868D5 /* DDOwnerKeysViewController.m in Sources */ = {isa = PBXBuildFile; fileRef = 8DCC7E652AB874E2009868D5 /* DDOwnerKeysViewController.m */; };
		8DCC7EC82AB874E2009868D5 /* DDOwnerKeysViewModel.m in Sources */ = {isa = PBXBuildFile; fileRef = 8DCC7E662AB874E2009868D5 /* DDOwnerKeysViewModel.m */; };
		8DCC7EC92AB874E2009868D5 /* DDDemoManager.m in Sources */ = {isa = PBXBuildFile; fileRef = 8DCC7E692AB874E2009868D5 /* DDDemoManager.m */; };
		8DCC7ECA2AB874E2009868D5 /* UIViewController+Goto.m in Sources */ = {isa = PBXBuildFile; fileRef = 8DCC7E6B2AB874E2009868D5 /* UIViewController+Goto.m */; };
		8DCC7ECB2AB874E2009868D5 /* TFUserDefaults+demo.m in Sources */ = {isa = PBXBuildFile; fileRef = 8DCC7E6E2AB874E2009868D5 /* TFUserDefaults+demo.m */; };
		8DCC7ECC2AB874E2009868D5 /* DDDemoModel.m in Sources */ = {isa = PBXBuildFile; fileRef = 8DCC7E712AB874E2009868D5 /* DDDemoModel.m */; };
		8DCC7ECD2AB874E2009868D5 /* DDDefaultValueTransformer.m in Sources */ = {isa = PBXBuildFile; fileRef = 8DCC7E732AB874E2009868D5 /* DDDefaultValueTransformer.m */; };
		8DCC7ECE2AB874E2009868D5 /* DDAppIdViewController.m in Sources */ = {isa = PBXBuildFile; fileRef = 8DCC7E752AB874E2009868D5 /* DDAppIdViewController.m */; };
		8DCC7ECF2AB874E2009868D5 /* DDAppIdViewModel.m in Sources */ = {isa = PBXBuildFile; fileRef = 8DCC7E762AB874E2009868D5 /* DDAppIdViewModel.m */; };
		8DCC7ED02AB874E2009868D5 /* DDAppIdViewModel.json in Resources */ = {isa = PBXBuildFile; fileRef = 8DCC7E792AB874E2009868D5 /* DDAppIdViewModel.json */; };
		8DCC7ED12AB874E2009868D5 /* DDSharedKeysViewController.m in Sources */ = {isa = PBXBuildFile; fileRef = 8DCC7E7C2AB874E2009868D5 /* DDSharedKeysViewController.m */; };
		8DCC7ED22AB874E2009868D5 /* DDSharedKeysViewModel.m in Sources */ = {isa = PBXBuildFile; fileRef = 8DCC7E7E2AB874E2009868D5 /* DDSharedKeysViewModel.m */; };
		8DCC7ED32AB874E2009868D5 /* DDFobKeysViewModel.m in Sources */ = {isa = PBXBuildFile; fileRef = 8DCC7E802AB874E2009868D5 /* DDFobKeysViewModel.m */; };
		8DCC7ED42AB874E2009868D5 /* DDFobKeysViewCell.m in Sources */ = {isa = PBXBuildFile; fileRef = 8DCC7E842AB874E2009868D5 /* DDFobKeysViewCell.m */; };
		8DCC7ED52AB874E2009868D5 /* DDFobKeysViewController.m in Sources */ = {isa = PBXBuildFile; fileRef = 8DCC7E852AB874E2009868D5 /* DDFobKeysViewController.m */; };
		8DCC7ED62AB874E2009868D5 /* DDShareKeyViewController.m in Sources */ = {isa = PBXBuildFile; fileRef = 8DCC7E872AB874E2009868D5 /* DDShareKeyViewController.m */; };
		8DCC7ED72AB874E2009868D5 /* DDShareKeyViewModel.m in Sources */ = {isa = PBXBuildFile; fileRef = 8DCC7E882AB874E2009868D5 /* DDShareKeyViewModel.m */; };
		8DCC7ED82AB874E2009868D5 /* DDShareKeyViewModel.json in Resources */ = {isa = PBXBuildFile; fileRef = 8DCC7E892AB874E2009868D5 /* DDShareKeyViewModel.json */; };
		8DCC7ED92AB874E2009868D5 /* DDLogViewController.m in Sources */ = {isa = PBXBuildFile; fileRef = 8DCC7E8E2AB874E2009868D5 /* DDLogViewController.m */; };
		8DCC7EDA2AB874E2009868D5 /* DDLogViewModel.m in Sources */ = {isa = PBXBuildFile; fileRef = 8DCC7E902AB874E2009868D5 /* DDLogViewModel.m */; };
		8DCC7EDB2AB874E2009868D5 /* DDNFCKeysViewCell.m in Sources */ = {isa = PBXBuildFile; fileRef = 8DCC7E932AB874E2009868D5 /* DDNFCKeysViewCell.m */; };
		8DCC7EDC2AB874E2009868D5 /* DDNFCKeysViewController.m in Sources */ = {isa = PBXBuildFile; fileRef = 8DCC7E942AB874E2009868D5 /* DDNFCKeysViewController.m */; };
		8DCC7EDD2AB874E2009868D5 /* DDNFCKeysViewModel.m in Sources */ = {isa = PBXBuildFile; fileRef = 8DCC7E952AB874E2009868D5 /* DDNFCKeysViewModel.m */; };
		8DCC7EDE2AB874E2009868D5 /* DDSettingViewModel.json in Resources */ = {isa = PBXBuildFile; fileRef = 8DCC7E992AB874E2009868D5 /* DDSettingViewModel.json */; };
		8DCC7EDF2AB874E2009868D5 /* DDSettingViewController.m in Sources */ = {isa = PBXBuildFile; fileRef = 8DCC7E9C2AB874E2009868D5 /* DDSettingViewController.m */; };
		8DCC7EE02AB874E2009868D5 /* DDSettingViewModel.m in Sources */ = {isa = PBXBuildFile; fileRef = 8DCC7E9D2AB874E2009868D5 /* DDSettingViewModel.m */; };
		8DCC7EE12AB874E2009868D5 /* DDLoginInfoViewController.m in Sources */ = {isa = PBXBuildFile; fileRef = 8DCC7EA12AB874E2009868D5 /* DDLoginInfoViewController.m */; };
		8DCC7EE22AB874E2009868D5 /* DDLoginViewController.m in Sources */ = {isa = PBXBuildFile; fileRef = 8DCC7EA22AB874E2009868D5 /* DDLoginViewController.m */; };
		8DCC7EE32AB874E2009868D5 /* DDLoginViewModel.json in Resources */ = {isa = PBXBuildFile; fileRef = 8DCC7EA32AB874E2009868D5 /* DDLoginViewModel.json */; };
		8DCC7EE42AB874E2009868D5 /* DDLoginViewModel.m in Sources */ = {isa = PBXBuildFile; fileRef = 8DCC7EA42AB874E2009868D5 /* DDLoginViewModel.m */; };
		8DCC7EE52AB874E2009868D5 /* DDLoginInfoViewModel.m in Sources */ = {isa = PBXBuildFile; fileRef = 8DCC7EA52AB874E2009868D5 /* DDLoginInfoViewModel.m */; };
		8DCC7EE62AB874E2009868D5 /* DDNavigationController.m in Sources */ = {isa = PBXBuildFile; fileRef = 8DCC7EAA2AB874E2009868D5 /* DDNavigationController.m */; };
		8DCC7EE72AB874E2009868D5 /* DDDetailViewModel.m in Sources */ = {isa = PBXBuildFile; fileRef = 8DCC7EAF2AB874E2009868D5 /* DDDetailViewModel.m */; };
		8DCC7EE82AB874E2009868D5 /* DDBaseTableViewController.m in Sources */ = {isa = PBXBuildFile; fileRef = 8DCC7EB22AB874E2009868D5 /* DDBaseTableViewController.m */; };
		8DCC7EE92AB874E2009868D5 /* DDBaseViewController.m in Sources */ = {isa = PBXBuildFile; fileRef = 8DCC7EB32AB874E2009868D5 /* DDBaseViewController.m */; };
		8DCC7EEA2AB874E2009868D5 /* DDBaseFormViewModel.m in Sources */ = {isa = PBXBuildFile; fileRef = 8DCC7EB52AB874E2009868D5 /* DDBaseFormViewModel.m */; };
		8DCC7EEB2AB874E2009868D5 /* DDBaseViewModel.m in Sources */ = {isa = PBXBuildFile; fileRef = 8DCC7EB62AB874E2009868D5 /* DDBaseViewModel.m */; };
		8DCC7EEC2AB874E2009868D5 /* DDDetailViewController.m in Sources */ = {isa = PBXBuildFile; fileRef = 8DCC7EB72AB874E2009868D5 /* DDDetailViewController.m */; };
		8DCC7EED2AB874E2009868D5 /* DDDetailViewModel.json in Resources */ = {isa = PBXBuildFile; fileRef = 8DCC7EB82AB874E2009868D5 /* DDDetailViewModel.json */; };
		8DCC7EEE2AB874E2009868D5 /* DDDefaultViewCell.m in Sources */ = {isa = PBXBuildFile; fileRef = 8DCC7EB92AB874E2009868D5 /* DDDefaultViewCell.m */; };
		B746BAAAEC321D7F488DB5CA /* Pods_TFUILib_iOS_Tests.framework in Frameworks */ = {isa = PBXBuildFile; fileRef = 33BB3428B35690612708E841 /* Pods_TFUILib_iOS_Tests.framework */; };
/* End PBXBuildFile section */

/* Begin PBXContainerItemProxy section */
		6003F5B3195388D20070C39A /* PBXContainerItemProxy */ = {
			isa = PBXContainerItemProxy;
			containerPortal = 6003F582195388D10070C39A /* Project object */;
			proxyType = 1;
			remoteGlobalIDString = 6003F589195388D20070C39A;
			remoteInfo = TFUILib_iOS;
		};
/* End PBXContainerItemProxy section */

/* Begin PBXFileReference section */
		05EA78A45D1E8370DF51984B /* Pods-TFUILib_iOS_Tests.release.xcconfig */ = {isa = PBXFileReference; includeInIndex = 1; lastKnownFileType = text.xcconfig; name = "Pods-TFUILib_iOS_Tests.release.xcconfig"; path = "Target Support Files/Pods-TFUILib_iOS_Tests/Pods-TFUILib_iOS_Tests.release.xcconfig"; sourceTree = "<group>"; };
		0E06B3A81778BDBD12A26AF5 /* README.md */ = {isa = PBXFileReference; includeInIndex = 1; lastKnownFileType = net.daringfireball.markdown; name = README.md; path = ../README.md; sourceTree = "<group>"; };
		1829AA611CC0F07204D162BE /* TFUILib_iOS.podspec */ = {isa = PBXFileReference; explicitFileType = text.script.ruby; includeInIndex = 1; name = TFUILib_iOS.podspec; path = ../TFUILib_iOS.podspec; sourceTree = "<group>"; xcLanguageSpecificationIdentifier = xcode.lang.ruby; };
		1BC3D92A3C642B70FD4B9453 /* Pods-TFUILib_iOS_Tests.debug.xcconfig */ = {isa = PBXFileReference; includeInIndex = 1; lastKnownFileType = text.xcconfig; name = "Pods-TFUILib_iOS_Tests.debug.xcconfig"; path = "Target Support Files/Pods-TFUILib_iOS_Tests/Pods-TFUILib_iOS_Tests.debug.xcconfig"; sourceTree = "<group>"; };
		1DD6F72345209B4DF6AE107E /* Pods-TFUILib_iOS_Example.debug.xcconfig */ = {isa = PBXFileReference; includeInIndex = 1; lastKnownFileType = text.xcconfig; name = "Pods-TFUILib_iOS_Example.debug.xcconfig"; path = "Target Support Files/Pods-TFUILib_iOS_Example/Pods-TFUILib_iOS_Example.debug.xcconfig"; sourceTree = "<group>"; };
		33BB3428B35690612708E841 /* Pods_TFUILib_iOS_Tests.framework */ = {isa = PBXFileReference; explicitFileType = wrapper.framework; includeInIndex = 0; path = Pods_TFUILib_iOS_Tests.framework; sourceTree = BUILT_PRODUCTS_DIR; };
		432FD28162FC846AB488BBB9 /* LICENSE */ = {isa = PBXFileReference; includeInIndex = 1; lastKnownFileType = text; name = LICENSE; path = ../LICENSE; sourceTree = "<group>"; };
		6003F58A195388D20070C39A /* TFUILib_iOS_Example.app */ = {isa = PBXFileReference; explicitFileType = wrapper.application; includeInIndex = 0; path = TFUILib_iOS_Example.app; sourceTree = BUILT_PRODUCTS_DIR; };
		6003F58D195388D20070C39A /* Foundation.framework */ = {isa = PBXFileReference; lastKnownFileType = wrapper.framework; name = Foundation.framework; path = System/Library/Frameworks/Foundation.framework; sourceTree = SDKROOT; };
		6003F58F195388D20070C39A /* CoreGraphics.framework */ = {isa = PBXFileReference; lastKnownFileType = wrapper.framework; name = CoreGraphics.framework; path = System/Library/Frameworks/CoreGraphics.framework; sourceTree = SDKROOT; };
		6003F591195388D20070C39A /* UIKit.framework */ = {isa = PBXFileReference; lastKnownFileType = wrapper.framework; name = UIKit.framework; path = System/Library/Frameworks/UIKit.framework; sourceTree = SDKROOT; };
		6003F595195388D20070C39A /* TFUILib_iOS-Info.plist */ = {isa = PBXFileReference; lastKnownFileType = text.plist.xml; path = "TFUILib_iOS-Info.plist"; sourceTree = "<group>"; };
		6003F597195388D20070C39A /* en */ = {isa = PBXFileReference; lastKnownFileType = text.plist.strings; name = en; path = en.lproj/InfoPlist.strings; sourceTree = "<group>"; };
		6003F599195388D20070C39A /* main.m */ = {isa = PBXFileReference; lastKnownFileType = sourcecode.c.objc; path = main.m; sourceTree = "<group>"; };
		6003F59B195388D20070C39A /* TFUILib_iOS-Prefix.pch */ = {isa = PBXFileReference; lastKnownFileType = sourcecode.c.h; path = "TFUILib_iOS-Prefix.pch"; sourceTree = "<group>"; };
		6003F59C195388D20070C39A /* AppDelegate.h */ = {isa = PBXFileReference; lastKnownFileType = sourcecode.c.h; path = AppDelegate.h; sourceTree = "<group>"; };
		6003F59D195388D20070C39A /* AppDelegate.m */ = {isa = PBXFileReference; lastKnownFileType = sourcecode.c.objc; path = AppDelegate.m; sourceTree = "<group>"; };
		6003F5A5195388D20070C39A /* TFAViewController.h */ = {isa = PBXFileReference; lastKnownFileType = sourcecode.c.h; path = TFAViewController.h; sourceTree = "<group>"; };
		6003F5A6195388D20070C39A /* TFAViewController.m */ = {isa = PBXFileReference; lastKnownFileType = sourcecode.c.objc; path = TFAViewController.m; sourceTree = "<group>"; };
		6003F5A8195388D20070C39A /* Images.xcassets */ = {isa = PBXFileReference; lastKnownFileType = folder.assetcatalog; path = Images.xcassets; sourceTree = "<group>"; };
		6003F5AE195388D20070C39A /* TFUILib_iOS_Tests.xctest */ = {isa = PBXFileReference; explicitFileType = wrapper.cfbundle; includeInIndex = 0; path = TFUILib_iOS_Tests.xctest; sourceTree = BUILT_PRODUCTS_DIR; };
		6003F5AF195388D20070C39A /* XCTest.framework */ = {isa = PBXFileReference; lastKnownFileType = wrapper.framework; name = XCTest.framework; path = Library/Frameworks/XCTest.framework; sourceTree = DEVELOPER_DIR; };
		6003F5B7195388D20070C39A /* Tests-Info.plist */ = {isa = PBXFileReference; lastKnownFileType = text.plist.xml; path = "Tests-Info.plist"; sourceTree = "<group>"; };
		6003F5B9195388D20070C39A /* en */ = {isa = PBXFileReference; lastKnownFileType = text.plist.strings; name = en; path = en.lproj/InfoPlist.strings; sourceTree = "<group>"; };
		6003F5BB195388D20070C39A /* Tests.m */ = {isa = PBXFileReference; lastKnownFileType = sourcecode.c.objc; path = Tests.m; sourceTree = "<group>"; };
		606FC2411953D9B200FFA9A0 /* Tests-Prefix.pch */ = {isa = PBXFileReference; lastKnownFileType = sourcecode.c.h; path = "Tests-Prefix.pch"; sourceTree = "<group>"; };
		6532EACF2AA7AC960036ECAF /* TFAViewModel.h */ = {isa = PBXFileReference; lastKnownFileType = sourcecode.c.h; path = TFAViewModel.h; sourceTree = "<group>"; };
		6532EAD02AA7AC960036ECAF /* TFAViewModel.m */ = {isa = PBXFileReference; lastKnownFileType = sourcecode.c.objc; path = TFAViewModel.m; sourceTree = "<group>"; };
		6532EAD22AA7ADB80036ECAF /* TFAViewModel.json */ = {isa = PBXFileReference; fileEncoding = 4; lastKnownFileType = text.json; path = TFAViewModel.json; sourceTree = "<group>"; };
		67AC5D7FBC895ABB5FC5D6AA /* Pods-TFUILib_iOS_Example.release.xcconfig */ = {isa = PBXFileReference; includeInIndex = 1; lastKnownFileType = text.xcconfig; name = "Pods-TFUILib_iOS_Example.release.xcconfig"; path = "Target Support Files/Pods-TFUILib_iOS_Example/Pods-TFUILib_iOS_Example.release.xcconfig"; sourceTree = "<group>"; };
		71719F9E1E33DC2100824A3D /* Base */ = {isa = PBXFileReference; lastKnownFileType = file.storyboard; name = Base; path = Base.lproj/LaunchScreen.storyboard; sourceTree = "<group>"; };
		873B8AEA1B1F5CCA007FD442 /* Main.storyboard */ = {isa = PBXFileReference; fileEncoding = 4; lastKnownFileType = file.storyboard; name = Main.storyboard; path = Base.lproj/Main.storyboard; sourceTree = "<group>"; };
		8D73C74E2AB9DC2A00FD4EBF /* DDLocalNotificationManager.m */ = {isa = PBXFileReference; fileEncoding = 4; lastKnownFileType = sourcecode.c.objc; path = DDLocalNotificationManager.m; sourceTree = "<group>"; };
		8D73C74F2AB9DC2A00FD4EBF /* DDLocalNotificationManager.h */ = {isa = PBXFileReference; fileEncoding = 4; lastKnownFileType = sourcecode.c.h; path = DDLocalNotificationManager.h; sourceTree = "<group>"; };
		8D73C7512AB9DC6100FD4EBF /* DDMessages.h */ = {isa = PBXFileReference; fileEncoding = 4; lastKnownFileType = sourcecode.c.h; path = DDMessages.h; sourceTree = "<group>"; };
		8D73C7522AB9DC6100FD4EBF /* DDMessages.m */ = {isa = PBXFileReference; fileEncoding = 4; lastKnownFileType = sourcecode.c.objc; path = DDMessages.m; sourceTree = "<group>"; };
		8D73C7542AB9DD9700FD4EBF /* DDAuthManager.m */ = {isa = PBXFileReference; fileEncoding = 4; lastKnownFileType = sourcecode.c.objc; path = DDAuthManager.m; sourceTree = "<group>"; };
		8D73C7552AB9DD9800FD4EBF /* DDAuthManager.h */ = {isa = PBXFileReference; fileEncoding = 4; lastKnownFileType = sourcecode.c.h; path = DDAuthManager.h; sourceTree = "<group>"; };
		8DCC7E492AB874E2009868D5 /* DDHomeViewModel.h */ = {isa = PBXFileReference; fileEncoding = 4; lastKnownFileType = sourcecode.c.h; path = DDHomeViewModel.h; sourceTree = "<group>"; };
		8DCC7E4A2AB874E2009868D5 /* DDHomeViewController.h */ = {isa = PBXFileReference; fileEncoding = 4; lastKnownFileType = sourcecode.c.h; path = DDHomeViewController.h; sourceTree = "<group>"; };
		8DCC7E4B2AB874E2009868D5 /* DDHomeViewModel.json */ = {isa = PBXFileReference; fileEncoding = 4; lastKnownFileType = text.json; path = DDHomeViewModel.json; sourceTree = "<group>"; };
		8DCC7E4C2AB874E2009868D5 /* DDHomeViewModel.m */ = {isa = PBXFileReference; fileEncoding = 4; lastKnownFileType = sourcecode.c.objc; path = DDHomeViewModel.m; sourceTree = "<group>"; };
		8DCC7E4D2AB874E2009868D5 /* DDHomeViewController.m */ = {isa = PBXFileReference; fileEncoding = 4; lastKnownFileType = sourcecode.c.objc; path = DDHomeViewController.m; sourceTree = "<group>"; };
		8DCC7E4F2AB874E2009868D5 /* DDPreferencesViewModel.h */ = {isa = PBXFileReference; fileEncoding = 4; lastKnownFileType = sourcecode.c.h; path = DDPreferencesViewModel.h; sourceTree = "<group>"; };
		8DCC7E502AB874E2009868D5 /* DDPreferencesViewModel.json */ = {isa = PBXFileReference; fileEncoding = 4; lastKnownFileType = text.json; path = DDPreferencesViewModel.json; sourceTree = "<group>"; };
		8DCC7E512AB874E2009868D5 /* DDPreferencesViewController.m */ = {isa = PBXFileReference; fileEncoding = 4; lastKnownFileType = sourcecode.c.objc; path = DDPreferencesViewController.m; sourceTree = "<group>"; };
		8DCC7E522AB874E2009868D5 /* DDPreferencesViewModel.m */ = {isa = PBXFileReference; fileEncoding = 4; lastKnownFileType = sourcecode.c.objc; path = DDPreferencesViewModel.m; sourceTree = "<group>"; };
		8DCC7E532AB874E2009868D5 /* DDPreferencesViewController.h */ = {isa = PBXFileReference; fileEncoding = 4; lastKnownFileType = sourcecode.c.h; path = DDPreferencesViewController.h; sourceTree = "<group>"; };
		8DCC7E552AB874E2009868D5 /* DDVehicleViewModel.m */ = {isa = PBXFileReference; fileEncoding = 4; lastKnownFileType = sourcecode.c.objc; path = DDVehicleViewModel.m; sourceTree = "<group>"; };
		8DCC7E562AB874E2009868D5 /* DDVehicleViewController.m */ = {isa = PBXFileReference; fileEncoding = 4; lastKnownFileType = sourcecode.c.objc; path = DDVehicleViewController.m; sourceTree = "<group>"; };
		8DCC7E572AB874E2009868D5 /* DDVehicleViewModel.h */ = {isa = PBXFileReference; fileEncoding = 4; lastKnownFileType = sourcecode.c.h; path = DDVehicleViewModel.h; sourceTree = "<group>"; };
		8DCC7E582AB874E2009868D5 /* DDVehicleViewModel.json */ = {isa = PBXFileReference; fileEncoding = 4; lastKnownFileType = text.json; path = DDVehicleViewModel.json; sourceTree = "<group>"; };
		8DCC7E592AB874E2009868D5 /* DDVehicleViewController.h */ = {isa = PBXFileReference; fileEncoding = 4; lastKnownFileType = sourcecode.c.h; path = DDVehicleViewController.h; sourceTree = "<group>"; };
		8DCC7E5B2AB874E2009868D5 /* DDEnvrimentViewModel.json */ = {isa = PBXFileReference; fileEncoding = 4; lastKnownFileType = text.json; path = DDEnvrimentViewModel.json; sourceTree = "<group>"; };
		8DCC7E5C2AB874E2009868D5 /* DDEnvrimentViewController.m */ = {isa = PBXFileReference; fileEncoding = 4; lastKnownFileType = sourcecode.c.objc; path = DDEnvrimentViewController.m; sourceTree = "<group>"; };
		8DCC7E5D2AB874E2009868D5 /* DDEnvrimentViewModel.h */ = {isa = PBXFileReference; fileEncoding = 4; lastKnownFileType = sourcecode.c.h; path = DDEnvrimentViewModel.h; sourceTree = "<group>"; };
		8DCC7E5E2AB874E2009868D5 /* DDEnvrimentViewController.h */ = {isa = PBXFileReference; fileEncoding = 4; lastKnownFileType = sourcecode.c.h; path = DDEnvrimentViewController.h; sourceTree = "<group>"; };
		8DCC7E5F2AB874E2009868D5 /* DDEnvrimentViewModel.m */ = {isa = PBXFileReference; fileEncoding = 4; lastKnownFileType = sourcecode.c.objc; path = DDEnvrimentViewModel.m; sourceTree = "<group>"; };
		8DCC7E612AB874E2009868D5 /* DDKeyTableViewCell.m */ = {isa = PBXFileReference; fileEncoding = 4; lastKnownFileType = sourcecode.c.objc; path = DDKeyTableViewCell.m; sourceTree = "<group>"; };
		8DCC7E622AB874E2009868D5 /* DDOwnerKeysViewModel.h */ = {isa = PBXFileReference; fileEncoding = 4; lastKnownFileType = sourcecode.c.h; path = DDOwnerKeysViewModel.h; sourceTree = "<group>"; };
		8DCC7E632AB874E2009868D5 /* DDOwnerKeysViewController.h */ = {isa = PBXFileReference; fileEncoding = 4; lastKnownFileType = sourcecode.c.h; path = DDOwnerKeysViewController.h; sourceTree = "<group>"; };
		8DCC7E642AB874E2009868D5 /* DDKeyTableViewCell.h */ = {isa = PBXFileReference; fileEncoding = 4; lastKnownFileType = sourcecode.c.h; path = DDKeyTableViewCell.h; sourceTree = "<group>"; };
		8DCC7E652AB874E2009868D5 /* DDOwnerKeysViewController.m */ = {isa = PBXFileReference; fileEncoding = 4; lastKnownFileType = sourcecode.c.objc; path = DDOwnerKeysViewController.m; sourceTree = "<group>"; };
		8DCC7E662AB874E2009868D5 /* DDOwnerKeysViewModel.m */ = {isa = PBXFileReference; fileEncoding = 4; lastKnownFileType = sourcecode.c.objc; path = DDOwnerKeysViewModel.m; sourceTree = "<group>"; };
		8DCC7E682AB874E2009868D5 /* TFUserDefaults+demo.h */ = {isa = PBXFileReference; fileEncoding = 4; lastKnownFileType = sourcecode.c.h; path = "TFUserDefaults+demo.h"; sourceTree = "<group>"; };
		8DCC7E692AB874E2009868D5 /* DDDemoManager.m */ = {isa = PBXFileReference; fileEncoding = 4; lastKnownFileType = sourcecode.c.objc; path = DDDemoManager.m; sourceTree = "<group>"; };
		8DCC7E6A2AB874E2009868D5 /* DDDemoModel.h */ = {isa = PBXFileReference; fileEncoding = 4; lastKnownFileType = sourcecode.c.h; path = DDDemoModel.h; sourceTree = "<group>"; };
		8DCC7E6B2AB874E2009868D5 /* UIViewController+Goto.m */ = {isa = PBXFileReference; fileEncoding = 4; lastKnownFileType = sourcecode.c.objc; path = "UIViewController+Goto.m"; sourceTree = "<group>"; };
		8DCC7E6C2AB874E2009868D5 /* define_enum.h */ = {isa = PBXFileReference; fileEncoding = 4; lastKnownFileType = sourcecode.c.h; path = define_enum.h; sourceTree = "<group>"; };
		8DCC7E6D2AB874E2009868D5 /* DDDefaultValueTransformer.h */ = {isa = PBXFileReference; fileEncoding = 4; lastKnownFileType = sourcecode.c.h; path = DDDefaultValueTransformer.h; sourceTree = "<group>"; };
		8DCC7E6E2AB874E2009868D5 /* TFUserDefaults+demo.m */ = {isa = PBXFileReference; fileEncoding = 4; lastKnownFileType = sourcecode.c.objc; path = "TFUserDefaults+demo.m"; sourceTree = "<group>"; };
		8DCC7E6F2AB874E2009868D5 /* define_tag.h */ = {isa = PBXFileReference; fileEncoding = 4; lastKnownFileType = sourcecode.c.h; path = define_tag.h; sourceTree = "<group>"; };
		8DCC7E702AB874E2009868D5 /* UIViewController+Goto.h */ = {isa = PBXFileReference; fileEncoding = 4; lastKnownFileType = sourcecode.c.h; path = "UIViewController+Goto.h"; sourceTree = "<group>"; };
		8DCC7E712AB874E2009868D5 /* DDDemoModel.m */ = {isa = PBXFileReference; fileEncoding = 4; lastKnownFileType = sourcecode.c.objc; path = DDDemoModel.m; sourceTree = "<group>"; };
		8DCC7E722AB874E2009868D5 /* DDDemoManager.h */ = {isa = PBXFileReference; fileEncoding = 4; lastKnownFileType = sourcecode.c.h; path = DDDemoManager.h; sourceTree = "<group>"; };
		8DCC7E732AB874E2009868D5 /* DDDefaultValueTransformer.m */ = {isa = PBXFileReference; fileEncoding = 4; lastKnownFileType = sourcecode.c.objc; path = DDDefaultValueTransformer.m; sourceTree = "<group>"; };
		8DCC7E752AB874E2009868D5 /* DDAppIdViewController.m */ = {isa = PBXFileReference; fileEncoding = 4; lastKnownFileType = sourcecode.c.objc; path = DDAppIdViewController.m; sourceTree = "<group>"; };
		8DCC7E762AB874E2009868D5 /* DDAppIdViewModel.m */ = {isa = PBXFileReference; fileEncoding = 4; lastKnownFileType = sourcecode.c.objc; path = DDAppIdViewModel.m; sourceTree = "<group>"; };
		8DCC7E772AB874E2009868D5 /* DDAppIdViewController.h */ = {isa = PBXFileReference; fileEncoding = 4; lastKnownFileType = sourcecode.c.h; path = DDAppIdViewController.h; sourceTree = "<group>"; };
		8DCC7E782AB874E2009868D5 /* DDAppIdViewModel.h */ = {isa = PBXFileReference; fileEncoding = 4; lastKnownFileType = sourcecode.c.h; path = DDAppIdViewModel.h; sourceTree = "<group>"; };
		8DCC7E792AB874E2009868D5 /* DDAppIdViewModel.json */ = {isa = PBXFileReference; fileEncoding = 4; lastKnownFileType = text.json; path = DDAppIdViewModel.json; sourceTree = "<group>"; };
		8DCC7E7B2AB874E2009868D5 /* DDSharedKeysViewModel.h */ = {isa = PBXFileReference; fileEncoding = 4; lastKnownFileType = sourcecode.c.h; path = DDSharedKeysViewModel.h; sourceTree = "<group>"; };
		8DCC7E7C2AB874E2009868D5 /* DDSharedKeysViewController.m */ = {isa = PBXFileReference; fileEncoding = 4; lastKnownFileType = sourcecode.c.objc; path = DDSharedKeysViewController.m; sourceTree = "<group>"; };
		8DCC7E7D2AB874E2009868D5 /* DDSharedKeysViewController.h */ = {isa = PBXFileReference; fileEncoding = 4; lastKnownFileType = sourcecode.c.h; path = DDSharedKeysViewController.h; sourceTree = "<group>"; };
		8DCC7E7E2AB874E2009868D5 /* DDSharedKeysViewModel.m */ = {isa = PBXFileReference; fileEncoding = 4; lastKnownFileType = sourcecode.c.objc; path = DDSharedKeysViewModel.m; sourceTree = "<group>"; };
		8DCC7E802AB874E2009868D5 /* DDFobKeysViewModel.m */ = {isa = PBXFileReference; fileEncoding = 4; lastKnownFileType = sourcecode.c.objc; path = DDFobKeysViewModel.m; sourceTree = "<group>"; };
		8DCC7E812AB874E2009868D5 /* DDFobKeysViewController.h */ = {isa = PBXFileReference; fileEncoding = 4; lastKnownFileType = sourcecode.c.h; path = DDFobKeysViewController.h; sourceTree = "<group>"; };
		8DCC7E822AB874E2009868D5 /* DDFobKeysViewCell.h */ = {isa = PBXFileReference; fileEncoding = 4; lastKnownFileType = sourcecode.c.h; path = DDFobKeysViewCell.h; sourceTree = "<group>"; };
		8DCC7E832AB874E2009868D5 /* DDFobKeysViewModel.h */ = {isa = PBXFileReference; fileEncoding = 4; lastKnownFileType = sourcecode.c.h; path = DDFobKeysViewModel.h; sourceTree = "<group>"; };
		8DCC7E842AB874E2009868D5 /* DDFobKeysViewCell.m */ = {isa = PBXFileReference; fileEncoding = 4; lastKnownFileType = sourcecode.c.objc; path = DDFobKeysViewCell.m; sourceTree = "<group>"; };
		8DCC7E852AB874E2009868D5 /* DDFobKeysViewController.m */ = {isa = PBXFileReference; fileEncoding = 4; lastKnownFileType = sourcecode.c.objc; path = DDFobKeysViewController.m; sourceTree = "<group>"; };
		8DCC7E872AB874E2009868D5 /* DDShareKeyViewController.m */ = {isa = PBXFileReference; fileEncoding = 4; lastKnownFileType = sourcecode.c.objc; path = DDShareKeyViewController.m; sourceTree = "<group>"; };
		8DCC7E882AB874E2009868D5 /* DDShareKeyViewModel.m */ = {isa = PBXFileReference; fileEncoding = 4; lastKnownFileType = sourcecode.c.objc; path = DDShareKeyViewModel.m; sourceTree = "<group>"; };
		8DCC7E892AB874E2009868D5 /* DDShareKeyViewModel.json */ = {isa = PBXFileReference; fileEncoding = 4; lastKnownFileType = text.json; path = DDShareKeyViewModel.json; sourceTree = "<group>"; };
		8DCC7E8A2AB874E2009868D5 /* DDShareKeyViewController.h */ = {isa = PBXFileReference; fileEncoding = 4; lastKnownFileType = sourcecode.c.h; path = DDShareKeyViewController.h; sourceTree = "<group>"; };
		8DCC7E8B2AB874E2009868D5 /* DDShareKeyViewModel.h */ = {isa = PBXFileReference; fileEncoding = 4; lastKnownFileType = sourcecode.c.h; path = DDShareKeyViewModel.h; sourceTree = "<group>"; };
		8DCC7E8D2AB874E2009868D5 /* DDLogViewModel.h */ = {isa = PBXFileReference; fileEncoding = 4; lastKnownFileType = sourcecode.c.h; path = DDLogViewModel.h; sourceTree = "<group>"; };
		8DCC7E8E2AB874E2009868D5 /* DDLogViewController.m */ = {isa = PBXFileReference; fileEncoding = 4; lastKnownFileType = sourcecode.c.objc; path = DDLogViewController.m; sourceTree = "<group>"; };
		8DCC7E8F2AB874E2009868D5 /* DDLogViewController.h */ = {isa = PBXFileReference; fileEncoding = 4; lastKnownFileType = sourcecode.c.h; path = DDLogViewController.h; sourceTree = "<group>"; };
		8DCC7E902AB874E2009868D5 /* DDLogViewModel.m */ = {isa = PBXFileReference; fileEncoding = 4; lastKnownFileType = sourcecode.c.objc; path = DDLogViewModel.m; sourceTree = "<group>"; };
		8DCC7E922AB874E2009868D5 /* DDNFCKeysViewModel.h */ = {isa = PBXFileReference; fileEncoding = 4; lastKnownFileType = sourcecode.c.h; path = DDNFCKeysViewModel.h; sourceTree = "<group>"; };
		8DCC7E932AB874E2009868D5 /* DDNFCKeysViewCell.m */ = {isa = PBXFileReference; fileEncoding = 4; lastKnownFileType = sourcecode.c.objc; path = DDNFCKeysViewCell.m; sourceTree = "<group>"; };
		8DCC7E942AB874E2009868D5 /* DDNFCKeysViewController.m */ = {isa = PBXFileReference; fileEncoding = 4; lastKnownFileType = sourcecode.c.objc; path = DDNFCKeysViewController.m; sourceTree = "<group>"; };
		8DCC7E952AB874E2009868D5 /* DDNFCKeysViewModel.m */ = {isa = PBXFileReference; fileEncoding = 4; lastKnownFileType = sourcecode.c.objc; path = DDNFCKeysViewModel.m; sourceTree = "<group>"; };
		8DCC7E962AB874E2009868D5 /* DDNFCKeysViewController.h */ = {isa = PBXFileReference; fileEncoding = 4; lastKnownFileType = sourcecode.c.h; path = DDNFCKeysViewController.h; sourceTree = "<group>"; };
		8DCC7E972AB874E2009868D5 /* DDNFCKeysViewCell.h */ = {isa = PBXFileReference; fileEncoding = 4; lastKnownFileType = sourcecode.c.h; path = DDNFCKeysViewCell.h; sourceTree = "<group>"; };
		8DCC7E992AB874E2009868D5 /* DDSettingViewModel.json */ = {isa = PBXFileReference; fileEncoding = 4; lastKnownFileType = text.json; path = DDSettingViewModel.json; sourceTree = "<group>"; };
		8DCC7E9A2AB874E2009868D5 /* DDSettingViewController.h */ = {isa = PBXFileReference; fileEncoding = 4; lastKnownFileType = sourcecode.c.h; path = DDSettingViewController.h; sourceTree = "<group>"; };
		8DCC7E9B2AB874E2009868D5 /* DDSettingViewModel.h */ = {isa = PBXFileReference; fileEncoding = 4; lastKnownFileType = sourcecode.c.h; path = DDSettingViewModel.h; sourceTree = "<group>"; };
		8DCC7E9C2AB874E2009868D5 /* DDSettingViewController.m */ = {isa = PBXFileReference; fileEncoding = 4; lastKnownFileType = sourcecode.c.objc; path = DDSettingViewController.m; sourceTree = "<group>"; };
		8DCC7E9D2AB874E2009868D5 /* DDSettingViewModel.m */ = {isa = PBXFileReference; fileEncoding = 4; lastKnownFileType = sourcecode.c.objc; path = DDSettingViewModel.m; sourceTree = "<group>"; };
		8DCC7E9F2AB874E2009868D5 /* DDLoginViewModel.h */ = {isa = PBXFileReference; fileEncoding = 4; lastKnownFileType = sourcecode.c.h; path = DDLoginViewModel.h; sourceTree = "<group>"; };
		8DCC7EA02AB874E2009868D5 /* DDLoginInfoViewModel.h */ = {isa = PBXFileReference; fileEncoding = 4; lastKnownFileType = sourcecode.c.h; path = DDLoginInfoViewModel.h; sourceTree = "<group>"; };
		8DCC7EA12AB874E2009868D5 /* DDLoginInfoViewController.m */ = {isa = PBXFileReference; fileEncoding = 4; lastKnownFileType = sourcecode.c.objc; path = DDLoginInfoViewController.m; sourceTree = "<group>"; };
		8DCC7EA22AB874E2009868D5 /* DDLoginViewController.m */ = {isa = PBXFileReference; fileEncoding = 4; lastKnownFileType = sourcecode.c.objc; path = DDLoginViewController.m; sourceTree = "<group>"; };
		8DCC7EA32AB874E2009868D5 /* DDLoginViewModel.json */ = {isa = PBXFileReference; fileEncoding = 4; lastKnownFileType = text.json; path = DDLoginViewModel.json; sourceTree = "<group>"; };
		8DCC7EA42AB874E2009868D5 /* DDLoginViewModel.m */ = {isa = PBXFileReference; fileEncoding = 4; lastKnownFileType = sourcecode.c.objc; path = DDLoginViewModel.m; sourceTree = "<group>"; };
		8DCC7EA52AB874E2009868D5 /* DDLoginInfoViewModel.m */ = {isa = PBXFileReference; fileEncoding = 4; lastKnownFileType = sourcecode.c.objc; path = DDLoginInfoViewModel.m; sourceTree = "<group>"; };
		8DCC7EA62AB874E2009868D5 /* DDLoginInfoViewController.h */ = {isa = PBXFileReference; fileEncoding = 4; lastKnownFileType = sourcecode.c.h; path = DDLoginInfoViewController.h; sourceTree = "<group>"; };
		8DCC7EA72AB874E2009868D5 /* DDLoginViewController.h */ = {isa = PBXFileReference; fileEncoding = 4; lastKnownFileType = sourcecode.c.h; path = DDLoginViewController.h; sourceTree = "<group>"; };
		8DCC7EA92AB874E2009868D5 /* DDBaseTableViewController.h */ = {isa = PBXFileReference; fileEncoding = 4; lastKnownFileType = sourcecode.c.h; path = DDBaseTableViewController.h; sourceTree = "<group>"; };
		8DCC7EAA2AB874E2009868D5 /* DDNavigationController.m */ = {isa = PBXFileReference; fileEncoding = 4; lastKnownFileType = sourcecode.c.objc; path = DDNavigationController.m; sourceTree = "<group>"; };
		8DCC7EAB2AB874E2009868D5 /* DDBaseViewController.h */ = {isa = PBXFileReference; fileEncoding = 4; lastKnownFileType = sourcecode.c.h; path = DDBaseViewController.h; sourceTree = "<group>"; };
		8DCC7EAC2AB874E2009868D5 /* DDDetailViewController.h */ = {isa = PBXFileReference; fileEncoding = 4; lastKnownFileType = sourcecode.c.h; path = DDDetailViewController.h; sourceTree = "<group>"; };
		8DCC7EAD2AB874E2009868D5 /* DDBaseViewModel.h */ = {isa = PBXFileReference; fileEncoding = 4; lastKnownFileType = sourcecode.c.h; path = DDBaseViewModel.h; sourceTree = "<group>"; };
		8DCC7EAE2AB874E2009868D5 /* DDBaseFormViewModel.h */ = {isa = PBXFileReference; fileEncoding = 4; lastKnownFileType = sourcecode.c.h; path = DDBaseFormViewModel.h; sourceTree = "<group>"; };
		8DCC7EAF2AB874E2009868D5 /* DDDetailViewModel.m */ = {isa = PBXFileReference; fileEncoding = 4; lastKnownFileType = sourcecode.c.objc; path = DDDetailViewModel.m; sourceTree = "<group>"; };
		8DCC7EB02AB874E2009868D5 /* DDDefaultViewCell.h */ = {isa = PBXFileReference; fileEncoding = 4; lastKnownFileType = sourcecode.c.h; path = DDDefaultViewCell.h; sourceTree = "<group>"; };
		8DCC7EB12AB874E2009868D5 /* DDNavigationController.h */ = {isa = PBXFileReference; fileEncoding = 4; lastKnownFileType = sourcecode.c.h; path = DDNavigationController.h; sourceTree = "<group>"; };
		8DCC7EB22AB874E2009868D5 /* DDBaseTableViewController.m */ = {isa = PBXFileReference; fileEncoding = 4; lastKnownFileType = sourcecode.c.objc; path = DDBaseTableViewController.m; sourceTree = "<group>"; };
		8DCC7EB32AB874E2009868D5 /* DDBaseViewController.m */ = {isa = PBXFileReference; fileEncoding = 4; lastKnownFileType = sourcecode.c.objc; path = DDBaseViewController.m; sourceTree = "<group>"; };
		8DCC7EB42AB874E2009868D5 /* DDDetailViewModel.h */ = {isa = PBXFileReference; fileEncoding = 4; lastKnownFileType = sourcecode.c.h; path = DDDetailViewModel.h; sourceTree = "<group>"; };
		8DCC7EB52AB874E2009868D5 /* DDBaseFormViewModel.m */ = {isa = PBXFileReference; fileEncoding = 4; lastKnownFileType = sourcecode.c.objc; path = DDBaseFormViewModel.m; sourceTree = "<group>"; };
		8DCC7EB62AB874E2009868D5 /* DDBaseViewModel.m */ = {isa = PBXFileReference; fileEncoding = 4; lastKnownFileType = sourcecode.c.objc; path = DDBaseViewModel.m; sourceTree = "<group>"; };
		8DCC7EB72AB874E2009868D5 /* DDDetailViewController.m */ = {isa = PBXFileReference; fileEncoding = 4; lastKnownFileType = sourcecode.c.objc; path = DDDetailViewController.m; sourceTree = "<group>"; };
		8DCC7EB82AB874E2009868D5 /* DDDetailViewModel.json */ = {isa = PBXFileReference; fileEncoding = 4; lastKnownFileType = text.json; path = DDDetailViewModel.json; sourceTree = "<group>"; };
		8DCC7EB92AB874E2009868D5 /* DDDefaultViewCell.m */ = {isa = PBXFileReference; fileEncoding = 4; lastKnownFileType = sourcecode.c.objc; path = DDDefaultViewCell.m; sourceTree = "<group>"; };
		CDA17CAD23B28BC8904448D6 /* Pods_TFUILib_iOS_Example.framework */ = {isa = PBXFileReference; explicitFileType = wrapper.framework; includeInIndex = 0; path = Pods_TFUILib_iOS_Example.framework; sourceTree = BUILT_PRODUCTS_DIR; };
/* End PBXFileReference section */

/* Begin PBXFrameworksBuildPhase section */
		6003F587195388D20070C39A /* Frameworks */ = {
			isa = PBXFrameworksBuildPhase;
			buildActionMask = 2147483647;
			files = (
				6003F590195388D20070C39A /* CoreGraphics.framework in Frameworks */,
				6003F592195388D20070C39A /* UIKit.framework in Frameworks */,
				6003F58E195388D20070C39A /* Foundation.framework in Frameworks */,
				5A7D7AB41194A5793083A265 /* Pods_TFUILib_iOS_Example.framework in Frameworks */,
			);
			runOnlyForDeploymentPostprocessing = 0;
		};
		6003F5AB195388D20070C39A /* Frameworks */ = {
			isa = PBXFrameworksBuildPhase;
			buildActionMask = 2147483647;
			files = (
				6003F5B0195388D20070C39A /* XCTest.framework in Frameworks */,
				6003F5B2195388D20070C39A /* UIKit.framework in Frameworks */,
				6003F5B1195388D20070C39A /* Foundation.framework in Frameworks */,
				B746BAAAEC321D7F488DB5CA /* Pods_TFUILib_iOS_Tests.framework in Frameworks */,
			);
			runOnlyForDeploymentPostprocessing = 0;
		};
/* End PBXFrameworksBuildPhase section */

/* Begin PBXGroup section */
		437225726DEB08CED704B7F8 /* Pods */ = {
			isa = PBXGroup;
			children = (
				1DD6F72345209B4DF6AE107E /* Pods-TFUILib_iOS_Example.debug.xcconfig */,
				67AC5D7FBC895ABB5FC5D6AA /* Pods-TFUILib_iOS_Example.release.xcconfig */,
				1BC3D92A3C642B70FD4B9453 /* Pods-TFUILib_iOS_Tests.debug.xcconfig */,
				05EA78A45D1E8370DF51984B /* Pods-TFUILib_iOS_Tests.release.xcconfig */,
			);
			path = Pods;
			sourceTree = "<group>";
		};
		6003F581195388D10070C39A = {
			isa = PBXGroup;
			children = (
				60FF7A9C1954A5C5007DD14C /* Podspec Metadata */,
				6003F593195388D20070C39A /* Example for TFUILib_iOS */,
				6003F5B5195388D20070C39A /* Tests */,
				6003F58C195388D20070C39A /* Frameworks */,
				6003F58B195388D20070C39A /* Products */,
				437225726DEB08CED704B7F8 /* Pods */,
			);
			sourceTree = "<group>";
		};
		6003F58B195388D20070C39A /* Products */ = {
			isa = PBXGroup;
			children = (
				6003F58A195388D20070C39A /* TFUILib_iOS_Example.app */,
				6003F5AE195388D20070C39A /* TFUILib_iOS_Tests.xctest */,
			);
			name = Products;
			sourceTree = "<group>";
		};
		6003F58C195388D20070C39A /* Frameworks */ = {
			isa = PBXGroup;
			children = (
				6003F58D195388D20070C39A /* Foundation.framework */,
				6003F58F195388D20070C39A /* CoreGraphics.framework */,
				6003F591195388D20070C39A /* UIKit.framework */,
				6003F5AF195388D20070C39A /* XCTest.framework */,
				CDA17CAD23B28BC8904448D6 /* Pods_TFUILib_iOS_Example.framework */,
				33BB3428B35690612708E841 /* Pods_TFUILib_iOS_Tests.framework */,
			);
			name = Frameworks;
			sourceTree = "<group>";
		};
		6003F593195388D20070C39A /* Example for TFUILib_iOS */ = {
			isa = PBXGroup;
			children = (
				6003F59C195388D20070C39A /* AppDelegate.h */,
				6003F59D195388D20070C39A /* AppDelegate.m */,
				873B8AEA1B1F5CCA007FD442 /* Main.storyboard */,
				6003F5A5195388D20070C39A /* TFAViewController.h */,
				6003F5A6195388D20070C39A /* TFAViewController.m */,
				6532EAD22AA7ADB80036ECAF /* TFAViewModel.json */,
				6532EACF2AA7AC960036ECAF /* TFAViewModel.h */,
				6532EAD02AA7AC960036ECAF /* TFAViewModel.m */,
				71719F9D1E33DC2100824A3D /* LaunchScreen.storyboard */,
				6003F5A8195388D20070C39A /* Images.xcassets */,
				8DCC7E472AB874E2009868D5 /* demo */,
				6003F594195388D20070C39A /* Supporting Files */,
			);
			name = "Example for TFUILib_iOS";
			path = TFUILib_iOS;
			sourceTree = "<group>";
		};
		6003F594195388D20070C39A /* Supporting Files */ = {
			isa = PBXGroup;
			children = (
				6003F595195388D20070C39A /* TFUILib_iOS-Info.plist */,
				6003F596195388D20070C39A /* InfoPlist.strings */,
				6003F599195388D20070C39A /* main.m */,
				6003F59B195388D20070C39A /* TFUILib_iOS-Prefix.pch */,
			);
			name = "Supporting Files";
			sourceTree = "<group>";
		};
		6003F5B5195388D20070C39A /* Tests */ = {
			isa = PBXGroup;
			children = (
				6003F5BB195388D20070C39A /* Tests.m */,
				6003F5B6195388D20070C39A /* Supporting Files */,
			);
			path = Tests;
			sourceTree = "<group>";
		};
		6003F5B6195388D20070C39A /* Supporting Files */ = {
			isa = PBXGroup;
			children = (
				6003F5B7195388D20070C39A /* Tests-Info.plist */,
				6003F5B8195388D20070C39A /* InfoPlist.strings */,
				606FC2411953D9B200FFA9A0 /* Tests-Prefix.pch */,
			);
			name = "Supporting Files";
			sourceTree = "<group>";
		};
		60FF7A9C1954A5C5007DD14C /* Podspec Metadata */ = {
			isa = PBXGroup;
			children = (
				1829AA611CC0F07204D162BE /* TFUILib_iOS.podspec */,
				0E06B3A81778BDBD12A26AF5 /* README.md */,
				432FD28162FC846AB488BBB9 /* LICENSE */,
			);
			name = "Podspec Metadata";
			sourceTree = "<group>";
		};
		8DCC7E472AB874E2009868D5 /* demo */ = {
			isa = PBXGroup;
			children = (
				8DCC7E482AB874E2009868D5 /* Home */,
				8DCC7E4E2AB874E2009868D5 /* Preferences */,
				8DCC7E542AB874E2009868D5 /* Vehicle */,
				8DCC7E5A2AB874E2009868D5 /* Envriment */,
				8DCC7E602AB874E2009868D5 /* OwnerKeys */,
				8DCC7E672AB874E2009868D5 /* Common */,
				8DCC7E742AB874E2009868D5 /* AppId */,
				8DCC7E7A2AB874E2009868D5 /* SharedKeys */,
				8DCC7E7F2AB874E2009868D5 /* FobKeys */,
				8DCC7E862AB874E2009868D5 /* ShareKey */,
				8DCC7E8C2AB874E2009868D5 /* Log */,
				8DCC7E912AB874E2009868D5 /* NFCKeys */,
				8DCC7E982AB874E2009868D5 /* Setting */,
				8DCC7E9E2AB874E2009868D5 /* Login */,
				8DCC7EA82AB874E2009868D5 /* Base */,
			);
			path = demo;
			sourceTree = "<group>";
		};
		8DCC7E482AB874E2009868D5 /* Home */ = {
			isa = PBXGroup;
			children = (
				8DCC7E492AB874E2009868D5 /* DDHomeViewModel.h */,
				8DCC7E4A2AB874E2009868D5 /* DDHomeViewController.h */,
				8DCC7E4B2AB874E2009868D5 /* DDHomeViewModel.json */,
				8DCC7E4C2AB874E2009868D5 /* DDHomeViewModel.m */,
				8DCC7E4D2AB874E2009868D5 /* DDHomeViewController.m */,
			);
			path = Home;
			sourceTree = "<group>";
		};
		8DCC7E4E2AB874E2009868D5 /* Preferences */ = {
			isa = PBXGroup;
			children = (
				8DCC7E4F2AB874E2009868D5 /* DDPreferencesViewModel.h */,
				8DCC7E502AB874E2009868D5 /* DDPreferencesViewModel.json */,
				8DCC7E512AB874E2009868D5 /* DDPreferencesViewController.m */,
				8DCC7E522AB874E2009868D5 /* DDPreferencesViewModel.m */,
				8DCC7E532AB874E2009868D5 /* DDPreferencesViewController.h */,
			);
			path = Preferences;
			sourceTree = "<group>";
		};
		8DCC7E542AB874E2009868D5 /* Vehicle */ = {
			isa = PBXGroup;
			children = (
				8DCC7E592AB874E2009868D5 /* DDVehicleViewController.h */,
				8DCC7E562AB874E2009868D5 /* DDVehicleViewController.m */,
				8DCC7E572AB874E2009868D5 /* DDVehicleViewModel.h */,
				8DCC7E582AB874E2009868D5 /* DDVehicleViewModel.json */,
				8DCC7E552AB874E2009868D5 /* DDVehicleViewModel.m */,
			);
			path = Vehicle;
			sourceTree = "<group>";
		};
		8DCC7E5A2AB874E2009868D5 /* Envriment */ = {
			isa = PBXGroup;
			children = (
				8DCC7E5E2AB874E2009868D5 /* DDEnvrimentViewController.h */,
				8DCC7E5C2AB874E2009868D5 /* DDEnvrimentViewController.m */,
				8DCC7E5D2AB874E2009868D5 /* DDEnvrimentViewModel.h */,
				8DCC7E5B2AB874E2009868D5 /* DDEnvrimentViewModel.json */,
				8DCC7E5F2AB874E2009868D5 /* DDEnvrimentViewModel.m */,
			);
			path = Envriment;
			sourceTree = "<group>";
		};
		8DCC7E602AB874E2009868D5 /* OwnerKeys */ = {
			isa = PBXGroup;
			children = (
				8DCC7E612AB874E2009868D5 /* DDKeyTableViewCell.m */,
				8DCC7E622AB874E2009868D5 /* DDOwnerKeysViewModel.h */,
				8DCC7E632AB874E2009868D5 /* DDOwnerKeysViewController.h */,
				8DCC7E642AB874E2009868D5 /* DDKeyTableViewCell.h */,
				8DCC7E652AB874E2009868D5 /* DDOwnerKeysViewController.m */,
				8DCC7E662AB874E2009868D5 /* DDOwnerKeysViewModel.m */,
			);
			path = OwnerKeys;
			sourceTree = "<group>";
		};
		8DCC7E672AB874E2009868D5 /* Common */ = {
			isa = PBXGroup;
			children = (
				8D73C7552AB9DD9800FD4EBF /* DDAuthManager.h */,
				8D73C7542AB9DD9700FD4EBF /* DDAuthManager.m */,
				8D73C7512AB9DC6100FD4EBF /* DDMessages.h */,
				8D73C7522AB9DC6100FD4EBF /* DDMessages.m */,
				8D73C74F2AB9DC2A00FD4EBF /* DDLocalNotificationManager.h */,
				8D73C74E2AB9DC2A00FD4EBF /* DDLocalNotificationManager.m */,
				8DCC7E6D2AB874E2009868D5 /* DDDefaultValueTransformer.h */,
				8DCC7E732AB874E2009868D5 /* DDDefaultValueTransformer.m */,
				8DCC7E722AB874E2009868D5 /* DDDemoManager.h */,
				8DCC7E692AB874E2009868D5 /* DDDemoManager.m */,
				8DCC7E6A2AB874E2009868D5 /* DDDemoModel.h */,
				8DCC7E712AB874E2009868D5 /* DDDemoModel.m */,
				8DCC7E6C2AB874E2009868D5 /* define_enum.h */,
				8DCC7E6F2AB874E2009868D5 /* define_tag.h */,
				8DCC7E682AB874E2009868D5 /* TFUserDefaults+demo.h */,
				8DCC7E6E2AB874E2009868D5 /* TFUserDefaults+demo.m */,
				8DCC7E702AB874E2009868D5 /* UIViewController+Goto.h */,
				8DCC7E6B2AB874E2009868D5 /* UIViewController+Goto.m */,
			);
			path = Common;
			sourceTree = "<group>";
		};
		8DCC7E742AB874E2009868D5 /* AppId */ = {
			isa = PBXGroup;
			children = (
				8DCC7E772AB874E2009868D5 /* DDAppIdViewController.h */,
				8DCC7E752AB874E2009868D5 /* DDAppIdViewController.m */,
				8DCC7E782AB874E2009868D5 /* DDAppIdViewModel.h */,
				8DCC7E792AB874E2009868D5 /* DDAppIdViewModel.json */,
				8DCC7E762AB874E2009868D5 /* DDAppIdViewModel.m */,
			);
			path = AppId;
			sourceTree = "<group>";
		};
		8DCC7E7A2AB874E2009868D5 /* SharedKeys */ = {
			isa = PBXGroup;
			children = (
				8DCC7E7B2AB874E2009868D5 /* DDSharedKeysViewModel.h */,
				8DCC7E7C2AB874E2009868D5 /* DDSharedKeysViewController.m */,
				8DCC7E7D2AB874E2009868D5 /* DDSharedKeysViewController.h */,
				8DCC7E7E2AB874E2009868D5 /* DDSharedKeysViewModel.m */,
			);
			path = SharedKeys;
			sourceTree = "<group>";
		};
		8DCC7E7F2AB874E2009868D5 /* FobKeys */ = {
			isa = PBXGroup;
			children = (
				8DCC7E802AB874E2009868D5 /* DDFobKeysViewModel.m */,
				8DCC7E812AB874E2009868D5 /* DDFobKeysViewController.h */,
				8DCC7E822AB874E2009868D5 /* DDFobKeysViewCell.h */,
				8DCC7E832AB874E2009868D5 /* DDFobKeysViewModel.h */,
				8DCC7E842AB874E2009868D5 /* DDFobKeysViewCell.m */,
				8DCC7E852AB874E2009868D5 /* DDFobKeysViewController.m */,
			);
			path = FobKeys;
			sourceTree = "<group>";
		};
		8DCC7E862AB874E2009868D5 /* ShareKey */ = {
			isa = PBXGroup;
			children = (
				8DCC7E8A2AB874E2009868D5 /* DDShareKeyViewController.h */,
				8DCC7E872AB874E2009868D5 /* DDShareKeyViewController.m */,
				8DCC7E8B2AB874E2009868D5 /* DDShareKeyViewModel.h */,
				8DCC7E892AB874E2009868D5 /* DDShareKeyViewModel.json */,
				8DCC7E882AB874E2009868D5 /* DDShareKeyViewModel.m */,
			);
			path = ShareKey;
			sourceTree = "<group>";
		};
		8DCC7E8C2AB874E2009868D5 /* Log */ = {
			isa = PBXGroup;
			children = (
				8DCC7E8D2AB874E2009868D5 /* DDLogViewModel.h */,
				8DCC7E8E2AB874E2009868D5 /* DDLogViewController.m */,
				8DCC7E8F2AB874E2009868D5 /* DDLogViewController.h */,
				8DCC7E902AB874E2009868D5 /* DDLogViewModel.m */,
			);
			path = Log;
			sourceTree = "<group>";
		};
		8DCC7E912AB874E2009868D5 /* NFCKeys */ = {
			isa = PBXGroup;
			children = (
				8DCC7E922AB874E2009868D5 /* DDNFCKeysViewModel.h */,
				8DCC7E932AB874E2009868D5 /* DDNFCKeysViewCell.m */,
				8DCC7E942AB874E2009868D5 /* DDNFCKeysViewController.m */,
				8DCC7E952AB874E2009868D5 /* DDNFCKeysViewModel.m */,
				8DCC7E962AB874E2009868D5 /* DDNFCKeysViewController.h */,
				8DCC7E972AB874E2009868D5 /* DDNFCKeysViewCell.h */,
			);
			path = NFCKeys;
			sourceTree = "<group>";
		};
		8DCC7E982AB874E2009868D5 /* Setting */ = {
			isa = PBXGroup;
			children = (
				8DCC7E992AB874E2009868D5 /* DDSettingViewModel.json */,
				8DCC7E9A2AB874E2009868D5 /* DDSettingViewController.h */,
				8DCC7E9B2AB874E2009868D5 /* DDSettingViewModel.h */,
				8DCC7E9C2AB874E2009868D5 /* DDSettingViewController.m */,
				8DCC7E9D2AB874E2009868D5 /* DDSettingViewModel.m */,
			);
			path = Setting;
			sourceTree = "<group>";
		};
		8DCC7E9E2AB874E2009868D5 /* Login */ = {
			isa = PBXGroup;
			children = (
				8DCC7EA62AB874E2009868D5 /* DDLoginInfoViewController.h */,
				8DCC7EA12AB874E2009868D5 /* DDLoginInfoViewController.m */,
				8DCC7EA02AB874E2009868D5 /* DDLoginInfoViewModel.h */,
				8DCC7EA52AB874E2009868D5 /* DDLoginInfoViewModel.m */,
				8DCC7EA72AB874E2009868D5 /* DDLoginViewController.h */,
				8DCC7EA22AB874E2009868D5 /* DDLoginViewController.m */,
				8DCC7E9F2AB874E2009868D5 /* DDLoginViewModel.h */,
				8DCC7EA32AB874E2009868D5 /* DDLoginViewModel.json */,
				8DCC7EA42AB874E2009868D5 /* DDLoginViewModel.m */,
			);
			path = Login;
			sourceTree = "<group>";
		};
		8DCC7EA82AB874E2009868D5 /* Base */ = {
			isa = PBXGroup;
			children = (
				8DCC7EAE2AB874E2009868D5 /* DDBaseFormViewModel.h */,
				8DCC7EB52AB874E2009868D5 /* DDBaseFormViewModel.m */,
				8DCC7EA92AB874E2009868D5 /* DDBaseTableViewController.h */,
				8DCC7EB22AB874E2009868D5 /* DDBaseTableViewController.m */,
				8DCC7EAB2AB874E2009868D5 /* DDBaseViewController.h */,
				8DCC7EB32AB874E2009868D5 /* DDBaseViewController.m */,
				8DCC7EAD2AB874E2009868D5 /* DDBaseViewModel.h */,
				8DCC7EB62AB874E2009868D5 /* DDBaseViewModel.m */,
				8DCC7EB02AB874E2009868D5 /* DDDefaultViewCell.h */,
				8DCC7EB92AB874E2009868D5 /* DDDefaultViewCell.m */,
				8DCC7EAC2AB874E2009868D5 /* DDDetailViewController.h */,
				8DCC7EB72AB874E2009868D5 /* DDDetailViewController.m */,
				8DCC7EB42AB874E2009868D5 /* DDDetailViewModel.h */,
				8DCC7EB82AB874E2009868D5 /* DDDetailViewModel.json */,
				8DCC7EAF2AB874E2009868D5 /* DDDetailViewModel.m */,
				8DCC7EB12AB874E2009868D5 /* DDNavigationController.h */,
				8DCC7EAA2AB874E2009868D5 /* DDNavigationController.m */,
			);
			path = Base;
			sourceTree = "<group>";
		};
/* End PBXGroup section */

/* Begin PBXNativeTarget section */
		6003F589195388D20070C39A /* TFUILib_iOS_Example */ = {
			isa = PBXNativeTarget;
			buildConfigurationList = 6003F5BF195388D20070C39A /* Build configuration list for PBXNativeTarget "TFUILib_iOS_Example" */;
			buildPhases = (
				38C298202787B30713128EF1 /* [CP] Check Pods Manifest.lock */,
				6003F586195388D20070C39A /* Sources */,
				6003F587195388D20070C39A /* Frameworks */,
				6003F588195388D20070C39A /* Resources */,
				86FC074BBD0D006D7BE57000 /* [CP] Embed Pods Frameworks */,
				7BE2454313CB91234BB9A2FA /* [CP] Copy Pods Resources */,
			);
			buildRules = (
			);
			dependencies = (
			);
			name = TFUILib_iOS_Example;
			productName = TFUILib_iOS;
			productReference = 6003F58A195388D20070C39A /* TFUILib_iOS_Example.app */;
			productType = "com.apple.product-type.application";
		};
		6003F5AD195388D20070C39A /* TFUILib_iOS_Tests */ = {
			isa = PBXNativeTarget;
			buildConfigurationList = 6003F5C2195388D20070C39A /* Build configuration list for PBXNativeTarget "TFUILib_iOS_Tests" */;
			buildPhases = (
				6951267E9B45A71C7E0E3F0F /* [CP] Check Pods Manifest.lock */,
				6003F5AA195388D20070C39A /* Sources */,
				6003F5AB195388D20070C39A /* Frameworks */,
				6003F5AC195388D20070C39A /* Resources */,
				4F9F380641CF9E7432880EFF /* [CP] Embed Pods Frameworks */,
			);
			buildRules = (
			);
			dependencies = (
				6003F5B4195388D20070C39A /* PBXTargetDependency */,
			);
			name = TFUILib_iOS_Tests;
			productName = TFUILib_iOSTests;
			productReference = 6003F5AE195388D20070C39A /* TFUILib_iOS_Tests.xctest */;
			productType = "com.apple.product-type.bundle.unit-test";
		};
/* End PBXNativeTarget section */

/* Begin PBXProject section */
		6003F582195388D10070C39A /* Project object */ = {
			isa = PBXProject;
			attributes = {
				CLASSPREFIX = TF;
				LastUpgradeCheck = 1160;
				ORGANIZATIONNAME = SunXiaofei;
				TargetAttributes = {
					6003F589195388D20070C39A = {
						DevelopmentTeam = 78HU77A6MD;
					};
					6003F5AD195388D20070C39A = {
						TestTargetID = 6003F589195388D20070C39A;
					};
				};
			};
			buildConfigurationList = 6003F585195388D10070C39A /* Build configuration list for PBXProject "TFUILib_iOS" */;
			compatibilityVersion = "Xcode 3.2";
			developmentRegion = English;
			hasScannedForEncodings = 0;
			knownRegions = (
				English,
				en,
				Base,
			);
			mainGroup = 6003F581195388D10070C39A;
			productRefGroup = 6003F58B195388D20070C39A /* Products */;
			projectDirPath = "";
			projectRoot = "";
			targets = (
				6003F589195388D20070C39A /* TFUILib_iOS_Example */,
				6003F5AD195388D20070C39A /* TFUILib_iOS_Tests */,
			);
		};
/* End PBXProject section */

/* Begin PBXResourcesBuildPhase section */
		6003F588195388D20070C39A /* Resources */ = {
			isa = PBXResourcesBuildPhase;
			buildActionMask = 2147483647;
			files = (
				873B8AEB1B1F5CCA007FD442 /* Main.storyboard in Resources */,
				71719F9F1E33DC2100824A3D /* LaunchScreen.storyboard in Resources */,
				8DCC7EC32AB874E2009868D5 /* DDEnvrimentViewModel.json in Resources */,
				8DCC7EED2AB874E2009868D5 /* DDDetailViewModel.json in Resources */,
				8DCC7EE32AB874E2009868D5 /* DDLoginViewModel.json in Resources */,
				8DCC7ED82AB874E2009868D5 /* DDShareKeyViewModel.json in Resources */,
				8DCC7ED02AB874E2009868D5 /* DDAppIdViewModel.json in Resources */,
				6003F5A9195388D20070C39A /* Images.xcassets in Resources */,
				8DCC7EC22AB874E2009868D5 /* DDVehicleViewModel.json in Resources */,
				8DCC7EBD2AB874E2009868D5 /* DDPreferencesViewModel.json in Resources */,
				6532EAD32AA7ADB80036ECAF /* TFAViewModel.json in Resources */,
				8DCC7EDE2AB874E2009868D5 /* DDSettingViewModel.json in Resources */,
				6003F598195388D20070C39A /* InfoPlist.strings in Resources */,
				8DCC7EBA2AB874E2009868D5 /* DDHomeViewModel.json in Resources */,
			);
			runOnlyForDeploymentPostprocessing = 0;
		};
		6003F5AC195388D20070C39A /* Resources */ = {
			isa = PBXResourcesBuildPhase;
			buildActionMask = 2147483647;
			files = (
				6003F5BA195388D20070C39A /* InfoPlist.strings in Resources */,
			);
			runOnlyForDeploymentPostprocessing = 0;
		};
/* End PBXResourcesBuildPhase section */

/* Begin PBXShellScriptBuildPhase section */
		38C298202787B30713128EF1 /* [CP] Check Pods Manifest.lock */ = {
			isa = PBXShellScriptBuildPhase;
			buildActionMask = 2147483647;
			files = (
			);
			inputFileListPaths = (
			);
			inputPaths = (
				"${PODS_PODFILE_DIR_PATH}/Podfile.lock",
				"${PODS_ROOT}/Manifest.lock",
			);
			name = "[CP] Check Pods Manifest.lock";
			outputFileListPaths = (
			);
			outputPaths = (
				"$(DERIVED_FILE_DIR)/Pods-TFUILib_iOS_Example-checkManifestLockResult.txt",
			);
			runOnlyForDeploymentPostprocessing = 0;
			shellPath = /bin/sh;
			shellScript = "diff \"${PODS_PODFILE_DIR_PATH}/Podfile.lock\" \"${PODS_ROOT}/Manifest.lock\" > /dev/null\nif [ $? != 0 ] ; then\n    # print error to STDERR\n    echo \"error: The sandbox is not in sync with the Podfile.lock. Run 'pod install' or update your CocoaPods installation.\" >&2\n    exit 1\nfi\n# This output is used by Xcode 'outputs' to avoid re-running this script phase.\necho \"SUCCESS\" > \"${SCRIPT_OUTPUT_FILE_0}\"\n";
			showEnvVarsInLog = 0;
		};
		4F9F380641CF9E7432880EFF /* [CP] Embed Pods Frameworks */ = {
			isa = PBXShellScriptBuildPhase;
			buildActionMask = 2147483647;
			files = (
			);
			inputPaths = (
				"${PODS_ROOT}/Target Support Files/Pods-TFUILib_iOS_Tests/Pods-TFUILib_iOS_Tests-frameworks.sh",
				"${BUILT_PRODUCTS_DIR}/FBSnapshotTestCase/FBSnapshotTestCase.framework",
			);
			name = "[CP] Embed Pods Frameworks";
			outputPaths = (
				"${TARGET_BUILD_DIR}/${FRAMEWORKS_FOLDER_PATH}/FBSnapshotTestCase.framework",
			);
			runOnlyForDeploymentPostprocessing = 0;
			shellPath = /bin/sh;
			shellScript = "\"${PODS_ROOT}/Target Support Files/Pods-TFUILib_iOS_Tests/Pods-TFUILib_iOS_Tests-frameworks.sh\"\n";
			showEnvVarsInLog = 0;
		};
		6951267E9B45A71C7E0E3F0F /* [CP] Check Pods Manifest.lock */ = {
			isa = PBXShellScriptBuildPhase;
			buildActionMask = 2147483647;
			files = (
			);
			inputFileListPaths = (
			);
			inputPaths = (
				"${PODS_PODFILE_DIR_PATH}/Podfile.lock",
				"${PODS_ROOT}/Manifest.lock",
			);
			name = "[CP] Check Pods Manifest.lock";
			outputFileListPaths = (
			);
			outputPaths = (
				"$(DERIVED_FILE_DIR)/Pods-TFUILib_iOS_Tests-checkManifestLockResult.txt",
			);
			runOnlyForDeploymentPostprocessing = 0;
			shellPath = /bin/sh;
			shellScript = "diff \"${PODS_PODFILE_DIR_PATH}/Podfile.lock\" \"${PODS_ROOT}/Manifest.lock\" > /dev/null\nif [ $? != 0 ] ; then\n    # print error to STDERR\n    echo \"error: The sandbox is not in sync with the Podfile.lock. Run 'pod install' or update your CocoaPods installation.\" >&2\n    exit 1\nfi\n# This output is used by Xcode 'outputs' to avoid re-running this script phase.\necho \"SUCCESS\" > \"${SCRIPT_OUTPUT_FILE_0}\"\n";
			showEnvVarsInLog = 0;
		};
		7BE2454313CB91234BB9A2FA /* [CP] Copy Pods Resources */ = {
			isa = PBXShellScriptBuildPhase;
			buildActionMask = 2147483647;
			files = (
			);
			inputPaths = (
				"${PODS_ROOT}/Target Support Files/Pods-TFUILib_iOS_Example/Pods-TFUILib_iOS_Example-resources.sh",
				"${PODS_ROOT}/../../SDK/IngeekDK.bundle",
			);
			name = "[CP] Copy Pods Resources";
			outputPaths = (
				"${TARGET_BUILD_DIR}/${UNLOCALIZED_RESOURCES_FOLDER_PATH}/IngeekDK.bundle",
			);
			runOnlyForDeploymentPostprocessing = 0;
			shellPath = /bin/sh;
			shellScript = "\"${PODS_ROOT}/Target Support Files/Pods-TFUILib_iOS_Example/Pods-TFUILib_iOS_Example-resources.sh\"\n";
			showEnvVarsInLog = 0;
		};
		86FC074BBD0D006D7BE57000 /* [CP] Embed Pods Frameworks */ = {
			isa = PBXShellScriptBuildPhase;
			buildActionMask = 2147483647;
			files = (
			);
			inputPaths = (
				"${PODS_ROOT}/Target Support Files/Pods-TFUILib_iOS_Example/Pods-TFUILib_iOS_Example-frameworks.sh",
				"${PODS_ROOT}/../../SDK/Ares.framework",
				"${PODS_ROOT}/../../SDK/IngeekDK.framework",
				"${BUILT_PRODUCTS_DIR}/ReactiveObjC/ReactiveObjC.framework",
				"${BUILT_PRODUCTS_DIR}/TFBaseLib_iOS/TFBaseLib_iOS.framework",
				"${BUILT_PRODUCTS_DIR}/TFUILib_iOS/TFUILib_iOS.framework",
			);
			name = "[CP] Embed Pods Frameworks";
			outputPaths = (
				"${TARGET_BUILD_DIR}/${FRAMEWORKS_FOLDER_PATH}/Ares.framework",
				"${TARGET_BUILD_DIR}/${FRAMEWORKS_FOLDER_PATH}/IngeekDK.framework",
				"${TARGET_BUILD_DIR}/${FRAMEWORKS_FOLDER_PATH}/ReactiveObjC.framework",
				"${TARGET_BUILD_DIR}/${FRAMEWORKS_FOLDER_PATH}/TFBaseLib_iOS.framework",
				"${TARGET_BUILD_DIR}/${FRAMEWORKS_FOLDER_PATH}/TFUILib_iOS.framework",
			);
			runOnlyForDeploymentPostprocessing = 0;
			shellPath = /bin/sh;
			shellScript = "\"${PODS_ROOT}/Target Support Files/Pods-TFUILib_iOS_Example/Pods-TFUILib_iOS_Example-frameworks.sh\"\n";
			showEnvVarsInLog = 0;
		};
/* End PBXShellScriptBuildPhase section */

/* Begin PBXSourcesBuildPhase section */
		6003F586195388D20070C39A /* Sources */ = {
			isa = PBXSourcesBuildPhase;
			buildActionMask = 2147483647;
			files = (
				8DCC7EC72AB874E2009868D5 /* DDOwnerKeysViewController.m in Sources */,
				8DCC7EC02AB874E2009868D5 /* DDVehicleViewModel.m in Sources */,
				8DCC7EC92AB874E2009868D5 /* DDDemoManager.m in Sources */,
				8DCC7EC52AB874E2009868D5 /* DDEnvrimentViewModel.m in Sources */,
				8DCC7EDF2AB874E2009868D5 /* DDSettingViewController.m in Sources */,
				8DCC7EDB2AB874E2009868D5 /* DDNFCKeysViewCell.m in Sources */,
				8DCC7EEE2AB874E2009868D5 /* DDDefaultViewCell.m in Sources */,
				8DCC7EE62AB874E2009868D5 /* DDNavigationController.m in Sources */,
				8DCC7ED72AB874E2009868D5 /* DDShareKeyViewModel.m in Sources */,
				8DCC7ED62AB874E2009868D5 /* DDShareKeyViewController.m in Sources */,
				8DCC7EEC2AB874E2009868D5 /* DDDetailViewController.m in Sources */,
				8DCC7ED32AB874E2009868D5 /* DDFobKeysViewModel.m in Sources */,
				6003F59E195388D20070C39A /* AppDelegate.m in Sources */,
				8DCC7EBF2AB874E2009868D5 /* DDPreferencesViewModel.m in Sources */,
				8DCC7ECE2AB874E2009868D5 /* DDAppIdViewController.m in Sources */,
				8DCC7EC42AB874E2009868D5 /* DDEnvrimentViewController.m in Sources */,
				8DCC7ED92AB874E2009868D5 /* DDLogViewController.m in Sources */,
				8DCC7ED52AB874E2009868D5 /* DDFobKeysViewController.m in Sources */,
				8DCC7ECD2AB874E2009868D5 /* DDDefaultValueTransformer.m in Sources */,
				8DCC7EC12AB874E2009868D5 /* DDVehicleViewController.m in Sources */,
				8DCC7EBC2AB874E2009868D5 /* DDHomeViewController.m in Sources */,
				8DCC7EE82AB874E2009868D5 /* DDBaseTableViewController.m in Sources */,
				8DCC7ECB2AB874E2009868D5 /* TFUserDefaults+demo.m in Sources */,
				8DCC7ED12AB874E2009868D5 /* DDSharedKeysViewController.m in Sources */,
				8D73C7502AB9DC2A00FD4EBF /* DDLocalNotificationManager.m in Sources */,
				8DCC7ECA2AB874E2009868D5 /* UIViewController+Goto.m in Sources */,
				8DCC7EE02AB874E2009868D5 /* DDSettingViewModel.m in Sources */,
				8DCC7ECC2AB874E2009868D5 /* DDDemoModel.m in Sources */,
				8DCC7EDA2AB874E2009868D5 /* DDLogViewModel.m in Sources */,
				6532EAD12AA7AC960036ECAF /* TFAViewModel.m in Sources */,
				8DCC7EC82AB874E2009868D5 /* DDOwnerKeysViewModel.m in Sources */,
				8DCC7EE52AB874E2009868D5 /* DDLoginInfoViewModel.m in Sources */,
				8DCC7ED22AB874E2009868D5 /* DDSharedKeysViewModel.m in Sources */,
				8DCC7EEA2AB874E2009868D5 /* DDBaseFormViewModel.m in Sources */,
				8D73C7562AB9DD9800FD4EBF /* DDAuthManager.m in Sources */,
				8DCC7EBE2AB874E2009868D5 /* DDPreferencesViewController.m in Sources */,
				8DCC7EE92AB874E2009868D5 /* DDBaseViewController.m in Sources */,
				8DCC7ED42AB874E2009868D5 /* DDFobKeysViewCell.m in Sources */,
				8DCC7ECF2AB874E2009868D5 /* DDAppIdViewModel.m in Sources */,
				8DCC7EDD2AB874E2009868D5 /* DDNFCKeysViewModel.m in Sources */,
				8DCC7EC62AB874E2009868D5 /* DDKeyTableViewCell.m in Sources */,
				8DCC7EDC2AB874E2009868D5 /* DDNFCKeysViewController.m in Sources */,
				6003F5A7195388D20070C39A /* TFAViewController.m in Sources */,
				8DCC7EE12AB874E2009868D5 /* DDLoginInfoViewController.m in Sources */,
				8DCC7EBB2AB874E2009868D5 /* DDHomeViewModel.m in Sources */,
				8DCC7EEB2AB874E2009868D5 /* DDBaseViewModel.m in Sources */,
				8DCC7EE42AB874E2009868D5 /* DDLoginViewModel.m in Sources */,
				8DCC7EE22AB874E2009868D5 /* DDLoginViewController.m in Sources */,
				6003F59A195388D20070C39A /* main.m in Sources */,
				8D73C7532AB9DC6100FD4EBF /* DDMessages.m in Sources */,
				8DCC7EE72AB874E2009868D5 /* DDDetailViewModel.m in Sources */,
			);
			runOnlyForDeploymentPostprocessing = 0;
		};
		6003F5AA195388D20070C39A /* Sources */ = {
			isa = PBXSourcesBuildPhase;
			buildActionMask = 2147483647;
			files = (
				6003F5BC195388D20070C39A /* Tests.m in Sources */,
			);
			runOnlyForDeploymentPostprocessing = 0;
		};
/* End PBXSourcesBuildPhase section */

/* Begin PBXTargetDependency section */
		6003F5B4195388D20070C39A /* PBXTargetDependency */ = {
			isa = PBXTargetDependency;
			target = 6003F589195388D20070C39A /* TFUILib_iOS_Example */;
			targetProxy = 6003F5B3195388D20070C39A /* PBXContainerItemProxy */;
		};
/* End PBXTargetDependency section */

/* Begin PBXVariantGroup section */
		6003F596195388D20070C39A /* InfoPlist.strings */ = {
			isa = PBXVariantGroup;
			children = (
				6003F597195388D20070C39A /* en */,
			);
			name = InfoPlist.strings;
			sourceTree = "<group>";
		};
		6003F5B8195388D20070C39A /* InfoPlist.strings */ = {
			isa = PBXVariantGroup;
			children = (
				6003F5B9195388D20070C39A /* en */,
			);
			name = InfoPlist.strings;
			sourceTree = "<group>";
		};
		71719F9D1E33DC2100824A3D /* LaunchScreen.storyboard */ = {
			isa = PBXVariantGroup;
			children = (
				71719F9E1E33DC2100824A3D /* Base */,
			);
			name = LaunchScreen.storyboard;
			sourceTree = "<group>";
		};
/* End PBXVariantGroup section */

/* Begin XCBuildConfiguration section */
		6003F5BD195388D20070C39A /* Debug */ = {
			isa = XCBuildConfiguration;
			buildSettings = {
				ALWAYS_SEARCH_USER_PATHS = NO;
				CLANG_ANALYZER_LOCALIZABILITY_NONLOCALIZED = YES;
				CLANG_CXX_LANGUAGE_STANDARD = "gnu++0x";
				CLANG_CXX_LIBRARY = "libc++";
				CLANG_ENABLE_MODULES = YES;
				CLANG_ENABLE_OBJC_ARC = YES;
				CLANG_WARN_BLOCK_CAPTURE_AUTORELEASING = YES;
				CLANG_WARN_BOOL_CONVERSION = YES;
				CLANG_WARN_COMMA = YES;
				CLANG_WARN_CONSTANT_CONVERSION = YES;
				CLANG_WARN_DEPRECATED_OBJC_IMPLEMENTATIONS = YES;
				CLANG_WARN_DIRECT_OBJC_ISA_USAGE = YES_ERROR;
				CLANG_WARN_EMPTY_BODY = YES;
				CLANG_WARN_ENUM_CONVERSION = YES;
				CLANG_WARN_INFINITE_RECURSION = YES;
				CLANG_WARN_INT_CONVERSION = YES;
				CLANG_WARN_NON_LITERAL_NULL_CONVERSION = YES;
				CLANG_WARN_OBJC_IMPLICIT_RETAIN_SELF = YES;
				CLANG_WARN_OBJC_LITERAL_CONVERSION = YES;
				CLANG_WARN_OBJC_ROOT_CLASS = YES_ERROR;
				CLANG_WARN_RANGE_LOOP_ANALYSIS = YES;
				CLANG_WARN_STRICT_PROTOTYPES = YES;
				CLANG_WARN_SUSPICIOUS_MOVE = YES;
				CLANG_WARN_UNREACHABLE_CODE = YES;
				CLANG_WARN__DUPLICATE_METHOD_MATCH = YES;
				"CODE_SIGN_IDENTITY[sdk=iphoneos*]" = "iPhone Developer";
				COPY_PHASE_STRIP = NO;
				ENABLE_STRICT_OBJC_MSGSEND = YES;
				ENABLE_TESTABILITY = YES;
				GCC_C_LANGUAGE_STANDARD = gnu99;
				GCC_DYNAMIC_NO_PIC = NO;
				GCC_NO_COMMON_BLOCKS = YES;
				GCC_OPTIMIZATION_LEVEL = 0;
				GCC_PREPROCESSOR_DEFINITIONS = (
					"DEBUG=1",
					"$(inherited)",
				);
				GCC_SYMBOLS_PRIVATE_EXTERN = NO;
				GCC_WARN_64_TO_32_BIT_CONVERSION = YES;
				GCC_WARN_ABOUT_RETURN_TYPE = YES_ERROR;
				GCC_WARN_UNDECLARED_SELECTOR = YES;
				GCC_WARN_UNINITIALIZED_AUTOS = YES_AGGRESSIVE;
				GCC_WARN_UNUSED_FUNCTION = YES;
				GCC_WARN_UNUSED_VARIABLE = YES;
				IPHONEOS_DEPLOYMENT_TARGET = 9.3;
				ONLY_ACTIVE_ARCH = YES;
				SDKROOT = iphoneos;
				TARGETED_DEVICE_FAMILY = "1,2";
			};
			name = Debug;
		};
		6003F5BE195388D20070C39A /* Release */ = {
			isa = XCBuildConfiguration;
			buildSettings = {
				ALWAYS_SEARCH_USER_PATHS = NO;
				CLANG_ANALYZER_LOCALIZABILITY_NONLOCALIZED = YES;
				CLANG_CXX_LANGUAGE_STANDARD = "gnu++0x";
				CLANG_CXX_LIBRARY = "libc++";
				CLANG_ENABLE_MODULES = YES;
				CLANG_ENABLE_OBJC_ARC = YES;
				CLANG_WARN_BLOCK_CAPTURE_AUTORELEASING = YES;
				CLANG_WARN_BOOL_CONVERSION = YES;
				CLANG_WARN_COMMA = YES;
				CLANG_WARN_CONSTANT_CONVERSION = YES;
				CLANG_WARN_DEPRECATED_OBJC_IMPLEMENTATIONS = YES;
				CLANG_WARN_DIRECT_OBJC_ISA_USAGE = YES_ERROR;
				CLANG_WARN_EMPTY_BODY = YES;
				CLANG_WARN_ENUM_CONVERSION = YES;
				CLANG_WARN_INFINITE_RECURSION = YES;
				CLANG_WARN_INT_CONVERSION = YES;
				CLANG_WARN_NON_LITERAL_NULL_CONVERSION = YES;
				CLANG_WARN_OBJC_IMPLICIT_RETAIN_SELF = YES;
				CLANG_WARN_OBJC_LITERAL_CONVERSION = YES;
				CLANG_WARN_OBJC_ROOT_CLASS = YES_ERROR;
				CLANG_WARN_RANGE_LOOP_ANALYSIS = YES;
				CLANG_WARN_STRICT_PROTOTYPES = YES;
				CLANG_WARN_SUSPICIOUS_MOVE = YES;
				CLANG_WARN_UNREACHABLE_CODE = YES;
				CLANG_WARN__DUPLICATE_METHOD_MATCH = YES;
				"CODE_SIGN_IDENTITY[sdk=iphoneos*]" = "iPhone Developer";
				COPY_PHASE_STRIP = YES;
				ENABLE_NS_ASSERTIONS = NO;
				ENABLE_STRICT_OBJC_MSGSEND = YES;
				GCC_C_LANGUAGE_STANDARD = gnu99;
				GCC_NO_COMMON_BLOCKS = YES;
				GCC_WARN_64_TO_32_BIT_CONVERSION = YES;
				GCC_WARN_ABOUT_RETURN_TYPE = YES_ERROR;
				GCC_WARN_UNDECLARED_SELECTOR = YES;
				GCC_WARN_UNINITIALIZED_AUTOS = YES_AGGRESSIVE;
				GCC_WARN_UNUSED_FUNCTION = YES;
				GCC_WARN_UNUSED_VARIABLE = YES;
				IPHONEOS_DEPLOYMENT_TARGET = 9.3;
				SDKROOT = iphoneos;
				TARGETED_DEVICE_FAMILY = "1,2";
				VALIDATE_PRODUCT = YES;
			};
			name = Release;
		};
		6003F5C0195388D20070C39A /* Debug */ = {
			isa = XCBuildConfiguration;
			baseConfigurationReference = 1DD6F72345209B4DF6AE107E /* Pods-TFUILib_iOS_Example.debug.xcconfig */;
			buildSettings = {
				ASSETCATALOG_COMPILER_APPICON_NAME = AppIcon;
				DEVELOPMENT_TEAM = 78HU77A6MD;
				GCC_PRECOMPILE_PREFIX_HEADER = YES;
				GCC_PREFIX_HEADER = "TFUILib_iOS/TFUILib_iOS-Prefix.pch";
				INFOPLIST_FILE = "TFUILib_iOS/TFUILib_iOS-Info.plist";
				MODULE_NAME = ExampleApp;
				PRODUCT_BUNDLE_IDENTIFIER = "com.daniel.TFUILib-iOS-Example";
				PRODUCT_NAME = "$(TARGET_NAME)";
				SWIFT_VERSION = 4.0;
				WRAPPER_EXTENSION = app;
			};
			name = Debug;
		};
		6003F5C1195388D20070C39A /* Release */ = {
			isa = XCBuildConfiguration;
			baseConfigurationReference = 67AC5D7FBC895ABB5FC5D6AA /* Pods-TFUILib_iOS_Example.release.xcconfig */;
			buildSettings = {
				ASSETCATALOG_COMPILER_APPICON_NAME = AppIcon;
				DEVELOPMENT_TEAM = 78HU77A6MD;
				GCC_PRECOMPILE_PREFIX_HEADER = YES;
				GCC_PREFIX_HEADER = "TFUILib_iOS/TFUILib_iOS-Prefix.pch";
				INFOPLIST_FILE = "TFUILib_iOS/TFUILib_iOS-Info.plist";
				MODULE_NAME = ExampleApp;
				PRODUCT_BUNDLE_IDENTIFIER = "com.daniel.TFUILib-iOS-Example";
				PRODUCT_NAME = "$(TARGET_NAME)";
				SWIFT_VERSION = 4.0;
				WRAPPER_EXTENSION = app;
			};
			name = Release;
		};
		6003F5C3195388D20070C39A /* Debug */ = {
			isa = XCBuildConfiguration;
			baseConfigurationReference = 1BC3D92A3C642B70FD4B9453 /* Pods-TFUILib_iOS_Tests.debug.xcconfig */;
			buildSettings = {
				BUNDLE_LOADER = "$(TEST_HOST)";
				FRAMEWORK_SEARCH_PATHS = (
					"$(PLATFORM_DIR)/Developer/Library/Frameworks",
					"$(inherited)",
					"$(DEVELOPER_FRAMEWORKS_DIR)",
				);
				GCC_PRECOMPILE_PREFIX_HEADER = YES;
				GCC_PREFIX_HEADER = "Tests/Tests-Prefix.pch";
				GCC_PREPROCESSOR_DEFINITIONS = (
					"DEBUG=1",
					"$(inherited)",
				);
				INFOPLIST_FILE = "Tests/Tests-Info.plist";
				PRODUCT_BUNDLE_IDENTIFIER = "org.cocoapods.demo.${PRODUCT_NAME:rfc1034identifier}";
				PRODUCT_NAME = "$(TARGET_NAME)";
				SWIFT_VERSION = 4.0;
				TEST_HOST = "$(BUILT_PRODUCTS_DIR)/TFUILib_iOS_Example.app/TFUILib_iOS_Example";
				WRAPPER_EXTENSION = xctest;
			};
			name = Debug;
		};
		6003F5C4195388D20070C39A /* Release */ = {
			isa = XCBuildConfiguration;
			baseConfigurationReference = 05EA78A45D1E8370DF51984B /* Pods-TFUILib_iOS_Tests.release.xcconfig */;
			buildSettings = {
				BUNDLE_LOADER = "$(TEST_HOST)";
				FRAMEWORK_SEARCH_PATHS = (
					"$(PLATFORM_DIR)/Developer/Library/Frameworks",
					"$(inherited)",
					"$(DEVELOPER_FRAMEWORKS_DIR)",
				);
				GCC_PRECOMPILE_PREFIX_HEADER = YES;
				GCC_PREFIX_HEADER = "Tests/Tests-Prefix.pch";
				INFOPLIST_FILE = "Tests/Tests-Info.plist";
				PRODUCT_BUNDLE_IDENTIFIER = "org.cocoapods.demo.${PRODUCT_NAME:rfc1034identifier}";
				PRODUCT_NAME = "$(TARGET_NAME)";
				SWIFT_VERSION = 4.0;
				TEST_HOST = "$(BUILT_PRODUCTS_DIR)/TFUILib_iOS_Example.app/TFUILib_iOS_Example";
				WRAPPER_EXTENSION = xctest;
			};
			name = Release;
		};
/* End XCBuildConfiguration section */

/* Begin XCConfigurationList section */
		6003F585195388D10070C39A /* Build configuration list for PBXProject "TFUILib_iOS" */ = {
			isa = XCConfigurationList;
			buildConfigurations = (
				6003F5BD195388D20070C39A /* Debug */,
				6003F5BE195388D20070C39A /* Release */,
			);
			defaultConfigurationIsVisible = 0;
			defaultConfigurationName = Release;
		};
		6003F5BF195388D20070C39A /* Build configuration list for PBXNativeTarget "TFUILib_iOS_Example" */ = {
			isa = XCConfigurationList;
			buildConfigurations = (
				6003F5C0195388D20070C39A /* Debug */,
				6003F5C1195388D20070C39A /* Release */,
			);
			defaultConfigurationIsVisible = 0;
			defaultConfigurationName = Release;
		};
		6003F5C2195388D20070C39A /* Build configuration list for PBXNativeTarget "TFUILib_iOS_Tests" */ = {
			isa = XCConfigurationList;
			buildConfigurations = (
				6003F5C3195388D20070C39A /* Debug */,
				6003F5C4195388D20070C39A /* Release */,
			);
			defaultConfigurationIsVisible = 0;
			defaultConfigurationName = Release;
		};
/* End XCConfigurationList section */
	};
	rootObject = 6003F582195388D10070C39A /* Project object */;
}
